// !$*UTF8*$!
{
	archiveVersion = 1;
	classes = {
	};
	objectVersion = 46;
	objects = {

/* Begin PBXBuildFile section */
		05965E66145B67B40009BBAD /* .gitignore in Resources */ = {isa = PBXBuildFile; fileRef = 05965E50145B67B30009BBAD /* .gitignore */; };
		05965E68145B67B40009BBAD /* CONTRIBUTORS.txt in Resources */ = {isa = PBXBuildFile; fileRef = 05965E52145B67B30009BBAD /* CONTRIBUTORS.txt */; };
		05965E6A145B67B40009BBAD /* LICENSE.txt in Resources */ = {isa = PBXBuildFile; fileRef = 05965E58145B67B30009BBAD /* LICENSE.txt */; };
		05965E6B145B67B40009BBAD /* README.markdown in Resources */ = {isa = PBXBuildFile; fileRef = 05965E59145B67B30009BBAD /* README.markdown */; };
		05965E6C145B67B40009BBAD /* FMDatabase.m in Sources */ = {isa = PBXBuildFile; fileRef = 05965E5C145B67B30009BBAD /* FMDatabase.m */; };
		05965E6D145B67B40009BBAD /* FMDatabaseAdditions.m in Sources */ = {isa = PBXBuildFile; fileRef = 05965E5E145B67B30009BBAD /* FMDatabaseAdditions.m */; };
		05965E6F145B67B40009BBAD /* FMResultSet.m in Sources */ = {isa = PBXBuildFile; fileRef = 05965E61145B67B30009BBAD /* FMResultSet.m */; };
		05C20AE114537FCE004F3E77 /* UIKit.framework in Frameworks */ = {isa = PBXBuildFile; fileRef = 05C20AE014537FCE004F3E77 /* UIKit.framework */; };
		05C20AE314537FCE004F3E77 /* Foundation.framework in Frameworks */ = {isa = PBXBuildFile; fileRef = 05C20AE214537FCE004F3E77 /* Foundation.framework */; };
		05C20AE514537FCE004F3E77 /* CoreGraphics.framework in Frameworks */ = {isa = PBXBuildFile; fileRef = 05C20AE414537FCE004F3E77 /* CoreGraphics.framework */; };
		05C20AEB14537FCE004F3E77 /* InfoPlist.strings in Resources */ = {isa = PBXBuildFile; fileRef = 05C20AE914537FCE004F3E77 /* InfoPlist.strings */; };
		05C20AED14537FCE004F3E77 /* main.m in Sources */ = {isa = PBXBuildFile; fileRef = 05C20AEC14537FCE004F3E77 /* main.m */; };
		05C20AF114537FCE004F3E77 /* icheckregAppDelegate.m in Sources */ = {isa = PBXBuildFile; fileRef = 05C20AF014537FCE004F3E77 /* icheckregAppDelegate.m */; };
		05C20AF414537FCE004F3E77 /* MainStoryboard_iPhone.storyboard in Resources */ = {isa = PBXBuildFile; fileRef = 05C20AF214537FCE004F3E77 /* MainStoryboard_iPhone.storyboard */; };
		05C20AF714537FCE004F3E77 /* MainStoryboard_iPad.storyboard in Resources */ = {isa = PBXBuildFile; fileRef = 05C20AF514537FCE004F3E77 /* MainStoryboard_iPad.storyboard */; };
		05C20AFA14537FCE004F3E77 /* icheckregMasterViewController.m in Sources */ = {isa = PBXBuildFile; fileRef = 05C20AF914537FCE004F3E77 /* icheckregMasterViewController.m */; };
		05C20B0514537FCF004F3E77 /* SenTestingKit.framework in Frameworks */ = {isa = PBXBuildFile; fileRef = 05C20B0414537FCF004F3E77 /* SenTestingKit.framework */; };
		05C20B0614537FCF004F3E77 /* UIKit.framework in Frameworks */ = {isa = PBXBuildFile; fileRef = 05C20AE014537FCE004F3E77 /* UIKit.framework */; };
		05C20B0714537FCF004F3E77 /* Foundation.framework in Frameworks */ = {isa = PBXBuildFile; fileRef = 05C20AE214537FCE004F3E77 /* Foundation.framework */; };
		05C20B0F14537FCF004F3E77 /* InfoPlist.strings in Resources */ = {isa = PBXBuildFile; fileRef = 05C20B0D14537FCF004F3E77 /* InfoPlist.strings */; };
		05C20B1214537FCF004F3E77 /* icheckregTests.m in Sources */ = {isa = PBXBuildFile; fileRef = 05C20B1114537FCF004F3E77 /* icheckregTests.m */; };
		05C20B1D14538975004F3E77 /* ExpensesViewController.m in Sources */ = {isa = PBXBuildFile; fileRef = 05C20B1C14538975004F3E77 /* ExpensesViewController.m */; };
		05C20B25145484D3004F3E77 /* AddExpenseViewController.m in Sources */ = {isa = PBXBuildFile; fileRef = 05C20B24145484D3004F3E77 /* AddExpenseViewController.m */; };
		05DD18F81457B9B800CAFC9D /* libsqlite3.dylib in Frameworks */ = {isa = PBXBuildFile; fileRef = 05DD18F71457B9B800CAFC9D /* libsqlite3.dylib */; };
		05E43F1514564F1500C17EA7 /* checkreg.xcdatamodeld in Sources */ = {isa = PBXBuildFile; fileRef = 05E43F1314564F1500C17EA7 /* checkreg.xcdatamodeld */; };
		05E43F1614564F1500C17EA7 /* checkreg.xcdatamodeld in Sources */ = {isa = PBXBuildFile; fileRef = 05E43F1314564F1500C17EA7 /* checkreg.xcdatamodeld */; };
		3201088596B4756681693705 /* libThree20UICommon.a in Frameworks */ = {isa = PBXBuildFile; fileRef = 3201088596B4756681693704 /* libThree20UICommon.a */; };
		320A2827FEC940B25BC42C65 /* libThree20Core.a in Frameworks */ = {isa = PBXBuildFile; fileRef = 320A2827FEC940B25BC42C64 /* libThree20Core.a */; };
		320A5A189C235877202780D5 /* libThree20Network.a in Frameworks */ = {isa = PBXBuildFile; fileRef = 320A5A189C235877202780D4 /* libThree20Network.a */; };
		320A737074758E53BA54BE95 /* libThree20UINavigator.a in Frameworks */ = {isa = PBXBuildFile; fileRef = 320A737074758E53BA54BE94 /* libThree20UINavigator.a */; };
		320AF8492C47A4D819F7C451 /* QuartzCore.framework in Frameworks */ = {isa = PBXBuildFile; fileRef = 320AF8492C47A4D819F7C450 /* QuartzCore.framework */; };
		320B6C86F11D9990244A9731 /* Three20.bundle in Resources */ = {isa = PBXBuildFile; fileRef = 320B6C86F11D9990244A9730 /* Three20.bundle */; };
		320CC833B8AF0ACFD35E6225 /* libThree20Style.a in Frameworks */ = {isa = PBXBuildFile; fileRef = 320CC833B8AF0ACFD35E6224 /* libThree20Style.a */; };
		320D7DCCE32703ACAB9A45E5 /* libThree20.a in Frameworks */ = {isa = PBXBuildFile; fileRef = 320D7DCCE32703ACAB9A45E4 /* libThree20.a */; };
		320F2C48872C2E2C4DF86205 /* libThree20UI.a in Frameworks */ = {isa = PBXBuildFile; fileRef = 320F2C48872C2E2C4DF86204 /* libThree20UI.a */; };
		5E43F1614564F1500C17EA9 /* Expense.m in Sources */ = {isa = PBXBuildFile; fileRef = 5E43F1614564F1500C17EA8 /* Expense.m */; };
/* End PBXBuildFile section */

/* Begin PBXContainerItemProxy section */
		050B2BDE1462297A009D5C87 /* PBXContainerItemProxy */ = {
			isa = PBXContainerItemProxy;
			containerPortal = 320D7DCCE32703ACAB9A45E0 /* Three20.xcodeproj */;
			proxyType = 2;
			remoteGlobalIDString = EB9E6C6210B6A8F800DE563C;
			remoteInfo = Three20UnitTests;
		};
		050B2BE11462297A009D5C87 /* PBXContainerItemProxy */ = {
			isa = PBXContainerItemProxy;
			containerPortal = 320A2827FEC940B25BC42C60 /* Three20Core.xcodeproj */;
			proxyType = 2;
			remoteGlobalIDString = EB9E6C6210B6A8F800DE563C;
			remoteInfo = Three20CoreUnitTests;
		};
		050B2BE61462297A009D5C87 /* PBXContainerItemProxy */ = {
			isa = PBXContainerItemProxy;
			containerPortal = 320A5A189C235877202780D0 /* Three20Network.xcodeproj */;
			proxyType = 2;
			remoteGlobalIDString = 662D81EF12630516005851C2;
			remoteInfo = "Three20Network-Xcode3.2.5";
		};
		050B2BE81462297A009D5C87 /* PBXContainerItemProxy */ = {
			isa = PBXContainerItemProxy;
			containerPortal = 320A5A189C235877202780D0 /* Three20Network.xcodeproj */;
			proxyType = 2;
			remoteGlobalIDString = EB9E6C6210B6A8F800DE563C;
			remoteInfo = Three20NetworkUnitTests;
		};
		050B2BEA1462297A009D5C87 /* PBXContainerItemProxy */ = {
			isa = PBXContainerItemProxy;
			containerPortal = 320A5A189C235877202780D0 /* Three20Network.xcodeproj */;
			proxyType = 2;
			remoteGlobalIDString = 662D81B2126304EB005851C2;
			remoteInfo = "Three20NetworkUnitTests-Xcode3.2.5";
		};
		050B2BED1462297A009D5C87 /* PBXContainerItemProxy */ = {
			isa = PBXContainerItemProxy;
			containerPortal = 320CC833B8AF0ACFD35E6220 /* Three20Style.xcodeproj */;
			proxyType = 2;
			remoteGlobalIDString = EB9E6C6210B6A8F800DE563C;
			remoteInfo = Three20StyleUnitTests;
		};
		050B2BF01462297A009D5C87 /* PBXContainerItemProxy */ = {
			isa = PBXContainerItemProxy;
			containerPortal = 320F2C48872C2E2C4DF86200 /* Three20UI.xcodeproj */;
			proxyType = 2;
			remoteGlobalIDString = EB9E6C6210B6A8F800DE563C;
			remoteInfo = Three20UIUnitTests;
		};
		050B2BF31462297A009D5C87 /* PBXContainerItemProxy */ = {
			isa = PBXContainerItemProxy;
			containerPortal = 3201088596B4756681693700 /* Three20UICommon.xcodeproj */;
			proxyType = 2;
			remoteGlobalIDString = EB9E6C6210B6A8F800DE563C;
			remoteInfo = Three20UICommonUnitTests;
		};
		050B2BF61462297A009D5C87 /* PBXContainerItemProxy */ = {
			isa = PBXContainerItemProxy;
			containerPortal = 320A737074758E53BA54BE90 /* Three20UINavigator.xcodeproj */;
			proxyType = 2;
			remoteGlobalIDString = EB9E6C6210B6A8F800DE563C;
			remoteInfo = Three20UINavigatorUnitTests;
		};
		05965E72145B67B40009BBAD /* PBXContainerItemProxy */ = {
			isa = PBXContainerItemProxy;
			containerPortal = 05965E54145B67B30009BBAD /* fmdb.xcodeproj */;
			proxyType = 2;
			remoteGlobalIDString = 8DD76FA10486AA7600D96B5E;
			remoteInfo = fmdb;
		};
		05965E74145B67B40009BBAD /* PBXContainerItemProxy */ = {
			isa = PBXContainerItemProxy;
			containerPortal = 05965E54145B67B30009BBAD /* fmdb.xcodeproj */;
			proxyType = 2;
			remoteGlobalIDString = EE4290EF12B42F870088BD94;
			remoteInfo = FMDB;
		};
		05C20B0814537FCF004F3E77 /* PBXContainerItemProxy */ = {
			isa = PBXContainerItemProxy;
			containerPortal = 05C20AD314537FCE004F3E77 /* Project object */;
			proxyType = 1;
			remoteGlobalIDString = 05C20ADB14537FCE004F3E77;
			remoteInfo = icheckreg;
		};
		3201088596B4756681693702 /* PBXContainerItemProxy */ = {
			isa = PBXContainerItemProxy;
			containerPortal = 3201088596B4756681693700 /* Three20UICommon.xcodeproj */;
			proxyType = 1;
			remoteGlobalIDString = BEF31F390F352DF5000DE5D2;
			remoteInfo = Three20UICommon;
		};
		3201088596B4756681693706 /* PBXContainerItemProxy */ = {
			isa = PBXContainerItemProxy;
			containerPortal = 3201088596B4756681693700 /* Three20UICommon.xcodeproj */;
			proxyType = 2;
			remoteGlobalIDString = BEF31F3A0F352DF5000DE5D2;
			remoteInfo = Three20UICommon;
		};
		320A2827FEC940B25BC42C62 /* PBXContainerItemProxy */ = {
			isa = PBXContainerItemProxy;
			containerPortal = 320A2827FEC940B25BC42C60 /* Three20Core.xcodeproj */;
			proxyType = 1;
			remoteGlobalIDString = BEF31F390F352DF5000DE5D2;
			remoteInfo = Three20Core;
		};
		320A2827FEC940B25BC42C66 /* PBXContainerItemProxy */ = {
			isa = PBXContainerItemProxy;
			containerPortal = 320A2827FEC940B25BC42C60 /* Three20Core.xcodeproj */;
			proxyType = 2;
			remoteGlobalIDString = BEF31F3A0F352DF5000DE5D2;
			remoteInfo = Three20Core;
		};
		320A5A189C235877202780D2 /* PBXContainerItemProxy */ = {
			isa = PBXContainerItemProxy;
			containerPortal = 320A5A189C235877202780D0 /* Three20Network.xcodeproj */;
			proxyType = 1;
			remoteGlobalIDString = BEF31F390F352DF5000DE5D2;
			remoteInfo = Three20Network;
		};
		320A5A189C235877202780D6 /* PBXContainerItemProxy */ = {
			isa = PBXContainerItemProxy;
			containerPortal = 320A5A189C235877202780D0 /* Three20Network.xcodeproj */;
			proxyType = 2;
			remoteGlobalIDString = BEF31F3A0F352DF5000DE5D2;
			remoteInfo = Three20Network;
		};
		320A737074758E53BA54BE92 /* PBXContainerItemProxy */ = {
			isa = PBXContainerItemProxy;
			containerPortal = 320A737074758E53BA54BE90 /* Three20UINavigator.xcodeproj */;
			proxyType = 1;
			remoteGlobalIDString = BEF31F390F352DF5000DE5D2;
			remoteInfo = Three20UINavigator;
		};
		320A737074758E53BA54BE96 /* PBXContainerItemProxy */ = {
			isa = PBXContainerItemProxy;
			containerPortal = 320A737074758E53BA54BE90 /* Three20UINavigator.xcodeproj */;
			proxyType = 2;
			remoteGlobalIDString = BEF31F3A0F352DF5000DE5D2;
			remoteInfo = Three20UINavigator;
		};
		320CC833B8AF0ACFD35E6222 /* PBXContainerItemProxy */ = {
			isa = PBXContainerItemProxy;
			containerPortal = 320CC833B8AF0ACFD35E6220 /* Three20Style.xcodeproj */;
			proxyType = 1;
			remoteGlobalIDString = BEF31F390F352DF5000DE5D2;
			remoteInfo = Three20Style;
		};
		320CC833B8AF0ACFD35E6226 /* PBXContainerItemProxy */ = {
			isa = PBXContainerItemProxy;
			containerPortal = 320CC833B8AF0ACFD35E6220 /* Three20Style.xcodeproj */;
			proxyType = 2;
			remoteGlobalIDString = BEF31F3A0F352DF5000DE5D2;
			remoteInfo = Three20Style;
		};
		320D7DCCE32703ACAB9A45E2 /* PBXContainerItemProxy */ = {
			isa = PBXContainerItemProxy;
			containerPortal = 320D7DCCE32703ACAB9A45E0 /* Three20.xcodeproj */;
			proxyType = 1;
			remoteGlobalIDString = BEF31F390F352DF5000DE5D2;
			remoteInfo = Three20;
		};
		320D7DCCE32703ACAB9A45E6 /* PBXContainerItemProxy */ = {
			isa = PBXContainerItemProxy;
			containerPortal = 320D7DCCE32703ACAB9A45E0 /* Three20.xcodeproj */;
			proxyType = 2;
			remoteGlobalIDString = BEF31F3A0F352DF5000DE5D2;
			remoteInfo = Three20;
		};
		320F2C48872C2E2C4DF86202 /* PBXContainerItemProxy */ = {
			isa = PBXContainerItemProxy;
			containerPortal = 320F2C48872C2E2C4DF86200 /* Three20UI.xcodeproj */;
			proxyType = 1;
			remoteGlobalIDString = BEF31F390F352DF5000DE5D2;
			remoteInfo = Three20UI;
		};
		320F2C48872C2E2C4DF86206 /* PBXContainerItemProxy */ = {
			isa = PBXContainerItemProxy;
			containerPortal = 320F2C48872C2E2C4DF86200 /* Three20UI.xcodeproj */;
			proxyType = 2;
			remoteGlobalIDString = BEF31F3A0F352DF5000DE5D2;
			remoteInfo = Three20UI;
		};
/* End PBXContainerItemProxy section */

/* Begin PBXFileReference section */
		05965E50145B67B30009BBAD /* .gitignore */ = {isa = PBXFileReference; fileEncoding = 4; lastKnownFileType = text; path = .gitignore; sourceTree = "<group>"; };
		05965E52145B67B30009BBAD /* CONTRIBUTORS.txt */ = {isa = PBXFileReference; fileEncoding = 4; lastKnownFileType = text; path = CONTRIBUTORS.txt; sourceTree = "<group>"; };
		05965E54145B67B30009BBAD /* fmdb.xcodeproj */ = {isa = PBXFileReference; lastKnownFileType = "wrapper.pb-project"; path = fmdb.xcodeproj; sourceTree = "<group>"; };
		05965E57145B67B30009BBAD /* fmdb_Prefix.pch */ = {isa = PBXFileReference; fileEncoding = 4; lastKnownFileType = sourcecode.c.h; path = fmdb_Prefix.pch; sourceTree = "<group>"; };
		05965E58145B67B30009BBAD /* LICENSE.txt */ = {isa = PBXFileReference; fileEncoding = 4; lastKnownFileType = text; path = LICENSE.txt; sourceTree = "<group>"; };
		05965E59145B67B30009BBAD /* README.markdown */ = {isa = PBXFileReference; fileEncoding = 4; lastKnownFileType = text; path = README.markdown; sourceTree = "<group>"; };
		05965E5B145B67B30009BBAD /* FMDatabase.h */ = {isa = PBXFileReference; fileEncoding = 4; lastKnownFileType = sourcecode.c.h; path = FMDatabase.h; sourceTree = "<group>"; };
		05965E5C145B67B30009BBAD /* FMDatabase.m */ = {isa = PBXFileReference; fileEncoding = 4; lastKnownFileType = sourcecode.c.objc; path = FMDatabase.m; sourceTree = "<group>"; };
		05965E5D145B67B30009BBAD /* FMDatabaseAdditions.h */ = {isa = PBXFileReference; fileEncoding = 4; lastKnownFileType = sourcecode.c.h; path = FMDatabaseAdditions.h; sourceTree = "<group>"; };
		05965E5E145B67B30009BBAD /* FMDatabaseAdditions.m */ = {isa = PBXFileReference; fileEncoding = 4; lastKnownFileType = sourcecode.c.objc; path = FMDatabaseAdditions.m; sourceTree = "<group>"; };
		05965E60145B67B30009BBAD /* FMResultSet.h */ = {isa = PBXFileReference; fileEncoding = 4; lastKnownFileType = sourcecode.c.h; path = FMResultSet.h; sourceTree = "<group>"; };
		05965E61145B67B30009BBAD /* FMResultSet.m */ = {isa = PBXFileReference; fileEncoding = 4; lastKnownFileType = sourcecode.c.objc; path = FMResultSet.m; sourceTree = "<group>"; };
		05C20ADC14537FCE004F3E77 /* icheckreg.app */ = {isa = PBXFileReference; explicitFileType = wrapper.application; includeInIndex = 0; path = icheckreg.app; sourceTree = BUILT_PRODUCTS_DIR; };
		05C20AE014537FCE004F3E77 /* UIKit.framework */ = {isa = PBXFileReference; lastKnownFileType = wrapper.framework; name = UIKit.framework; path = System/Library/Frameworks/UIKit.framework; sourceTree = SDKROOT; };
		05C20AE214537FCE004F3E77 /* Foundation.framework */ = {isa = PBXFileReference; lastKnownFileType = wrapper.framework; name = Foundation.framework; path = System/Library/Frameworks/Foundation.framework; sourceTree = SDKROOT; };
		05C20AE414537FCE004F3E77 /* CoreGraphics.framework */ = {isa = PBXFileReference; lastKnownFileType = wrapper.framework; name = CoreGraphics.framework; path = System/Library/Frameworks/CoreGraphics.framework; sourceTree = SDKROOT; };
		05C20AE814537FCE004F3E77 /* icheckreg-Info.plist */ = {isa = PBXFileReference; lastKnownFileType = text.plist.xml; path = "icheckreg-Info.plist"; sourceTree = "<group>"; };
		05C20AEA14537FCE004F3E77 /* en */ = {isa = PBXFileReference; lastKnownFileType = text.plist.strings; name = en; path = en.lproj/InfoPlist.strings; sourceTree = "<group>"; };
		05C20AEC14537FCE004F3E77 /* main.m */ = {isa = PBXFileReference; lastKnownFileType = sourcecode.c.objc; path = main.m; sourceTree = "<group>"; };
		05C20AEE14537FCE004F3E77 /* icheckreg-Prefix.pch */ = {isa = PBXFileReference; lastKnownFileType = sourcecode.c.h; path = "icheckreg-Prefix.pch"; sourceTree = "<group>"; };
		05C20AEF14537FCE004F3E77 /* icheckregAppDelegate.h */ = {isa = PBXFileReference; lastKnownFileType = sourcecode.c.h; path = icheckregAppDelegate.h; sourceTree = "<group>"; };
		05C20AF014537FCE004F3E77 /* icheckregAppDelegate.m */ = {isa = PBXFileReference; lastKnownFileType = sourcecode.c.objc; path = icheckregAppDelegate.m; sourceTree = "<group>"; };
		05C20AF314537FCE004F3E77 /* en */ = {isa = PBXFileReference; lastKnownFileType = file.storyboard; name = en; path = en.lproj/MainStoryboard_iPhone.storyboard; sourceTree = "<group>"; };
		05C20AF614537FCE004F3E77 /* en */ = {isa = PBXFileReference; lastKnownFileType = file.storyboard; name = en; path = en.lproj/MainStoryboard_iPad.storyboard; sourceTree = "<group>"; };
		05C20AF814537FCE004F3E77 /* icheckregMasterViewController.h */ = {isa = PBXFileReference; lastKnownFileType = sourcecode.c.h; path = icheckregMasterViewController.h; sourceTree = "<group>"; };
		05C20AF914537FCE004F3E77 /* icheckregMasterViewController.m */ = {isa = PBXFileReference; lastKnownFileType = sourcecode.c.objc; path = icheckregMasterViewController.m; sourceTree = "<group>"; };
		05C20B0314537FCE004F3E77 /* icheckregTests.octest */ = {isa = PBXFileReference; explicitFileType = wrapper.cfbundle; includeInIndex = 0; path = icheckregTests.octest; sourceTree = BUILT_PRODUCTS_DIR; };
		05C20B0414537FCF004F3E77 /* SenTestingKit.framework */ = {isa = PBXFileReference; lastKnownFileType = wrapper.framework; name = SenTestingKit.framework; path = Library/Frameworks/SenTestingKit.framework; sourceTree = DEVELOPER_DIR; };
		05C20B0C14537FCF004F3E77 /* icheckregTests-Info.plist */ = {isa = PBXFileReference; lastKnownFileType = text.plist.xml; path = "icheckregTests-Info.plist"; sourceTree = "<group>"; };
		05C20B0E14537FCF004F3E77 /* en */ = {isa = PBXFileReference; lastKnownFileType = text.plist.strings; name = en; path = en.lproj/InfoPlist.strings; sourceTree = "<group>"; };
		05C20B1014537FCF004F3E77 /* icheckregTests.h */ = {isa = PBXFileReference; lastKnownFileType = sourcecode.c.h; path = icheckregTests.h; sourceTree = "<group>"; };
		05C20B1114537FCF004F3E77 /* icheckregTests.m */ = {isa = PBXFileReference; lastKnownFileType = sourcecode.c.objc; path = icheckregTests.m; sourceTree = "<group>"; };
		05C20B1B14538975004F3E77 /* ExpensesViewController.h */ = {isa = PBXFileReference; fileEncoding = 4; lastKnownFileType = sourcecode.c.h; path = ExpensesViewController.h; sourceTree = "<group>"; };
		05C20B1C14538975004F3E77 /* ExpensesViewController.m */ = {isa = PBXFileReference; fileEncoding = 4; lastKnownFileType = sourcecode.c.objc; path = ExpensesViewController.m; sourceTree = "<group>"; };
		05C20B23145484D3004F3E77 /* AddExpenseViewController.h */ = {isa = PBXFileReference; fileEncoding = 4; lastKnownFileType = sourcecode.c.h; path = AddExpenseViewController.h; sourceTree = "<group>"; };
		05C20B24145484D3004F3E77 /* AddExpenseViewController.m */ = {isa = PBXFileReference; fileEncoding = 4; lastKnownFileType = sourcecode.c.objc; path = AddExpenseViewController.m; sourceTree = "<group>"; };
		05DD18F71457B9B800CAFC9D /* libsqlite3.dylib */ = {isa = PBXFileReference; lastKnownFileType = "compiled.mach-o.dylib"; name = libsqlite3.dylib; path = usr/lib/libsqlite3.dylib; sourceTree = SDKROOT; };
		05E43F1414564F1500C17EA7 /* checkreg.xcdatamodel */ = {isa = PBXFileReference; lastKnownFileType = wrapper.xcdatamodel; path = checkreg.xcdatamodel; sourceTree = "<group>"; };
		3201088596B4756681693700 /* Three20UICommon.xcodeproj */ = {isa = PBXFileReference; lastKnownFileType = "wrapper.pb-project"; name = Three20UICommon.xcodeproj; path = three20/src/Three20UICommon/Three20UICommon.xcodeproj; sourceTree = SOURCE_ROOT; };
		320A2827FEC940B25BC42C60 /* Three20Core.xcodeproj */ = {isa = PBXFileReference; lastKnownFileType = "wrapper.pb-project"; name = Three20Core.xcodeproj; path = three20/src/Three20Core/Three20Core.xcodeproj; sourceTree = SOURCE_ROOT; };
		320A5A189C235877202780D0 /* Three20Network.xcodeproj */ = {isa = PBXFileReference; lastKnownFileType = "wrapper.pb-project"; name = Three20Network.xcodeproj; path = three20/src/Three20Network/Three20Network.xcodeproj; sourceTree = SOURCE_ROOT; };
		320A737074758E53BA54BE90 /* Three20UINavigator.xcodeproj */ = {isa = PBXFileReference; lastKnownFileType = "wrapper.pb-project"; name = Three20UINavigator.xcodeproj; path = three20/src/Three20UINavigator/Three20UINavigator.xcodeproj; sourceTree = SOURCE_ROOT; };
		320AF8492C47A4D819F7C450 /* QuartzCore.framework */ = {isa = PBXFileReference; lastKnownFileType = wrapper.frameworks; name = QuartzCore.framework; path = System/Library/Frameworks/QuartzCore.framework; sourceTree = SDKROOT; };
		320B6C86F11D9990244A9730 /* Three20.bundle */ = {isa = PBXFileReference; lastKnownFileType = "wrapper.plug-in"; name = Three20.bundle; path = three20/src/Three20.bundle; sourceTree = SOURCE_ROOT; };
		320CC833B8AF0ACFD35E6220 /* Three20Style.xcodeproj */ = {isa = PBXFileReference; lastKnownFileType = "wrapper.pb-project"; name = Three20Style.xcodeproj; path = three20/src/Three20Style/Three20Style.xcodeproj; sourceTree = SOURCE_ROOT; };
		320D7DCCE32703ACAB9A45E0 /* Three20.xcodeproj */ = {isa = PBXFileReference; lastKnownFileType = "wrapper.pb-project"; name = Three20.xcodeproj; path = three20/src/Three20/Three20.xcodeproj; sourceTree = SOURCE_ROOT; };
		320F2C48872C2E2C4DF86200 /* Three20UI.xcodeproj */ = {isa = PBXFileReference; lastKnownFileType = "wrapper.pb-project"; name = Three20UI.xcodeproj; path = three20/src/Three20UI/Three20UI.xcodeproj; sourceTree = SOURCE_ROOT; };
		5E43F1614564F1500C17EA8 /* Expense.m */ = {isa = PBXFileReference; fileEncoding = 4; lastKnownFileType = sourcecode.c.objc; path = Expense.m; sourceTree = "<group>"; };
		5E43F1614564F1500C17EAA /* Expense.h */ = {isa = PBXFileReference; fileEncoding = 4; lastKnownFileType = sourcecode.c.h; path = Expense.h; sourceTree = "<group>"; };
/* End PBXFileReference section */

/* Begin PBXFrameworksBuildPhase section */
		05C20AD914537FCE004F3E77 /* Frameworks */ = {
			isa = PBXFrameworksBuildPhase;
			buildActionMask = 2147483647;
			files = (
				3201088596B4756681693705 /* libThree20UICommon.a in Frameworks */,
				320D7DCCE32703ACAB9A45E5 /* libThree20.a in Frameworks */,
				320A737074758E53BA54BE95 /* libThree20UINavigator.a in Frameworks */,
				320A2827FEC940B25BC42C65 /* libThree20Core.a in Frameworks */,
				320F2C48872C2E2C4DF86205 /* libThree20UI.a in Frameworks */,
				320AF8492C47A4D819F7C451 /* QuartzCore.framework in Frameworks */,
				320A5A189C235877202780D5 /* libThree20Network.a in Frameworks */,
				320CC833B8AF0ACFD35E6225 /* libThree20Style.a in Frameworks */,
				05DD18F81457B9B800CAFC9D /* libsqlite3.dylib in Frameworks */,
				05C20AE114537FCE004F3E77 /* UIKit.framework in Frameworks */,
				05C20AE314537FCE004F3E77 /* Foundation.framework in Frameworks */,
				05C20AE514537FCE004F3E77 /* CoreGraphics.framework in Frameworks */,
			);
			runOnlyForDeploymentPostprocessing = 0;
		};
		05C20AFF14537FCE004F3E77 /* Frameworks */ = {
			isa = PBXFrameworksBuildPhase;
			buildActionMask = 2147483647;
			files = (
				05C20B0514537FCF004F3E77 /* SenTestingKit.framework in Frameworks */,
				05C20B0614537FCF004F3E77 /* UIKit.framework in Frameworks */,
				05C20B0714537FCF004F3E77 /* Foundation.framework in Frameworks */,
			);
			runOnlyForDeploymentPostprocessing = 0;
		};
/* End PBXFrameworksBuildPhase section */

/* Begin PBXGroup section */
		05965E4F145B67B30009BBAD /* fmdb */ = {
			isa = PBXGroup;
			children = (
				05965E50145B67B30009BBAD /* .gitignore */,
				05965E52145B67B30009BBAD /* CONTRIBUTORS.txt */,
				05965E54145B67B30009BBAD /* fmdb.xcodeproj */,
				05965E57145B67B30009BBAD /* fmdb_Prefix.pch */,
				05965E58145B67B30009BBAD /* LICENSE.txt */,
				05965E59145B67B30009BBAD /* README.markdown */,
				05965E5A145B67B30009BBAD /* src */,
			);
			path = fmdb;
			sourceTree = SOURCE_ROOT;
		};
		05965E55145B67B30009BBAD /* Products */ = {
			isa = PBXGroup;
			children = (
				05965E73145B67B40009BBAD /* fmdb */,
				05965E75145B67B40009BBAD /* libFMDB.a */,
			);
			name = Products;
			sourceTree = "<group>";
		};
		05965E5A145B67B30009BBAD /* src */ = {
			isa = PBXGroup;
			children = (
				05965E5B145B67B30009BBAD /* FMDatabase.h */,
				05965E5C145B67B30009BBAD /* FMDatabase.m */,
				05965E5D145B67B30009BBAD /* FMDatabaseAdditions.h */,
				05965E5E145B67B30009BBAD /* FMDatabaseAdditions.m */,
				05965E60145B67B30009BBAD /* FMResultSet.h */,
				05965E61145B67B30009BBAD /* FMResultSet.m */,
			);
			path = src;
			sourceTree = "<group>";
		};
		05C20AD114537FCE004F3E77 = {
			isa = PBXGroup;
			children = (
				05C20AE614537FCE004F3E77 /* icheckreg */,
				05C20B0A14537FCF004F3E77 /* icheckregTests */,
				05C20ADF14537FCE004F3E77 /* Frameworks */,
				05C20ADD14537FCE004F3E77 /* Products */,
			);
			sourceTree = "<group>";
		};
		05C20ADD14537FCE004F3E77 /* Products */ = {
			isa = PBXGroup;
			children = (
				05C20ADC14537FCE004F3E77 /* icheckreg.app */,
				05C20B0314537FCE004F3E77 /* icheckregTests.octest */,
			);
			name = Products;
			sourceTree = "<group>";
		};
		05C20ADF14537FCE004F3E77 /* Frameworks */ = {
			isa = PBXGroup;
			children = (
				3201088596B4756681693700 /* Three20UICommon.xcodeproj */,
				320D7DCCE32703ACAB9A45E0 /* Three20.xcodeproj */,
				320A737074758E53BA54BE90 /* Three20UINavigator.xcodeproj */,
				320A2827FEC940B25BC42C60 /* Three20Core.xcodeproj */,
				320F2C48872C2E2C4DF86200 /* Three20UI.xcodeproj */,
				320AF8492C47A4D819F7C450 /* QuartzCore.framework */,
				320A5A189C235877202780D0 /* Three20Network.xcodeproj */,
				320CC833B8AF0ACFD35E6220 /* Three20Style.xcodeproj */,
				05DD18F71457B9B800CAFC9D /* libsqlite3.dylib */,
				05C20AE014537FCE004F3E77 /* UIKit.framework */,
				05C20AE214537FCE004F3E77 /* Foundation.framework */,
				05C20AE414537FCE004F3E77 /* CoreGraphics.framework */,
				05C20B0414537FCF004F3E77 /* SenTestingKit.framework */,
			);
			name = Frameworks;
			sourceTree = "<group>";
		};
		05C20AE614537FCE004F3E77 /* icheckreg */ = {
			isa = PBXGroup;
			children = (
				5E43F1614564F1500C17EAA /* Expense.h */,
				5E43F1614564F1500C17EA8 /* Expense.m */,
				05965E4F145B67B30009BBAD /* fmdb */,
				05C20AEF14537FCE004F3E77 /* icheckregAppDelegate.h */,
				05C20AF014537FCE004F3E77 /* icheckregAppDelegate.m */,
				05C20AF214537FCE004F3E77 /* MainStoryboard_iPhone.storyboard */,
				05C20B1B14538975004F3E77 /* ExpensesViewController.h */,
				05C20B1C14538975004F3E77 /* ExpensesViewController.m */,
				05C20AF514537FCE004F3E77 /* MainStoryboard_iPad.storyboard */,
				05C20AF814537FCE004F3E77 /* icheckregMasterViewController.h */,
				05C20AF914537FCE004F3E77 /* icheckregMasterViewController.m */,
				05C20AE714537FCE004F3E77 /* Supporting Files */,
				05C20B23145484D3004F3E77 /* AddExpenseViewController.h */,
				05C20B24145484D3004F3E77 /* AddExpenseViewController.m */,
				05E43F1314564F1500C17EA7 /* checkreg.xcdatamodeld */,
			);
			path = icheckreg;
			sourceTree = "<group>";
		};
		05C20AE714537FCE004F3E77 /* Supporting Files */ = {
			isa = PBXGroup;
			children = (
				320B6C86F11D9990244A9730 /* Three20.bundle */,
				05C20AE814537FCE004F3E77 /* icheckreg-Info.plist */,
				05C20AE914537FCE004F3E77 /* InfoPlist.strings */,
				05C20AEC14537FCE004F3E77 /* main.m */,
				05C20AEE14537FCE004F3E77 /* icheckreg-Prefix.pch */,
			);
			name = "Supporting Files";
			sourceTree = "<group>";
		};
		05C20B0A14537FCF004F3E77 /* icheckregTests */ = {
			isa = PBXGroup;
			children = (
				05C20B1014537FCF004F3E77 /* icheckregTests.h */,
				05C20B1114537FCF004F3E77 /* icheckregTests.m */,
				05C20B0B14537FCF004F3E77 /* Supporting Files */,
			);
			path = icheckregTests;
			sourceTree = "<group>";
		};
		05C20B0B14537FCF004F3E77 /* Supporting Files */ = {
			isa = PBXGroup;
			children = (
				05C20B0C14537FCF004F3E77 /* icheckregTests-Info.plist */,
				05C20B0D14537FCF004F3E77 /* InfoPlist.strings */,
			);
			name = "Supporting Files";
			sourceTree = "<group>";
		};
		3201088596B4756681693703 /* Products */ = {
			isa = PBXGroup;
			children = (
				3201088596B4756681693704 /* libThree20UICommon.a */,
				050B2BF41462297A009D5C87 /* UICommonUnitTests.octest */,
			);
			name = Products;
			sourceTree = "<group>";
		};
		320A2827FEC940B25BC42C63 /* Products */ = {
			isa = PBXGroup;
			children = (
				320A2827FEC940B25BC42C64 /* libThree20Core.a */,
				050B2BE21462297A009D5C87 /* CoreUnitTests.octest */,
			);
			name = Products;
			sourceTree = "<group>";
		};
		320A5A189C235877202780D3 /* Products */ = {
			isa = PBXGroup;
			children = (
				320A5A189C235877202780D4 /* libThree20Network.a */,
				050B2BE71462297A009D5C87 /* libThree20Network-Xcode3.2.5.a */,
				050B2BE91462297A009D5C87 /* NetworkUnitTests.octest */,
				050B2BEB1462297A009D5C87 /* NetworkUnitTests-Xcode3.2.5.octest */,
			);
			name = Products;
			sourceTree = "<group>";
		};
		320A737074758E53BA54BE93 /* Products */ = {
			isa = PBXGroup;
			children = (
				320A737074758E53BA54BE94 /* libThree20UINavigator.a */,
				050B2BF71462297A009D5C87 /* UINavigatorUnitTests.octest */,
			);
			name = Products;
			sourceTree = "<group>";
		};
		320CC833B8AF0ACFD35E6223 /* Products */ = {
			isa = PBXGroup;
			children = (
				320CC833B8AF0ACFD35E6224 /* libThree20Style.a */,
				050B2BEE1462297A009D5C87 /* StyleUnitTests.octest */,
			);
			name = Products;
			sourceTree = "<group>";
		};
		320D7DCCE32703ACAB9A45E3 /* Products */ = {
			isa = PBXGroup;
			children = (
				320D7DCCE32703ACAB9A45E4 /* libThree20.a */,
				050B2BDF1462297A009D5C87 /* Three20UnitTests.octest */,
			);
			name = Products;
			sourceTree = "<group>";
		};
		320F2C48872C2E2C4DF86203 /* Products */ = {
			isa = PBXGroup;
			children = (
				320F2C48872C2E2C4DF86204 /* libThree20UI.a */,
				050B2BF11462297A009D5C87 /* UIUnitTests.octest */,
			);
			name = Products;
			sourceTree = "<group>";
		};
/* End PBXGroup section */

/* Begin PBXNativeTarget section */
		05C20ADB14537FCE004F3E77 /* icheckreg */ = {
			isa = PBXNativeTarget;
			buildConfigurationList = 05C20B1514537FCF004F3E77 /* Build configuration list for PBXNativeTarget "icheckreg" */;
			buildPhases = (
				05C20AD814537FCE004F3E77 /* Sources */,
				05C20AD914537FCE004F3E77 /* Frameworks */,
				05C20ADA14537FCE004F3E77 /* Resources */,
			);
			buildRules = (
			);
			dependencies = (
				3201088596B4756681693701 /* PBXTargetDependency */,
				320D7DCCE32703ACAB9A45E1 /* PBXTargetDependency */,
				320A737074758E53BA54BE91 /* PBXTargetDependency */,
				320A2827FEC940B25BC42C61 /* PBXTargetDependency */,
				320F2C48872C2E2C4DF86201 /* PBXTargetDependency */,
				320A5A189C235877202780D1 /* PBXTargetDependency */,
				320CC833B8AF0ACFD35E6221 /* PBXTargetDependency */,
			);
			name = icheckreg;
			productName = icheckreg;
			productReference = 05C20ADC14537FCE004F3E77 /* icheckreg.app */;
			productType = "com.apple.product-type.application";
		};
		05C20B0214537FCE004F3E77 /* icheckregTests */ = {
			isa = PBXNativeTarget;
			buildConfigurationList = 05C20B1814537FCF004F3E77 /* Build configuration list for PBXNativeTarget "icheckregTests" */;
			buildPhases = (
				05C20AFE14537FCE004F3E77 /* Sources */,
				05C20AFF14537FCE004F3E77 /* Frameworks */,
				05C20B0014537FCE004F3E77 /* Resources */,
				05C20B0114537FCE004F3E77 /* ShellScript */,
			);
			buildRules = (
			);
			dependencies = (
				05C20B0914537FCF004F3E77 /* PBXTargetDependency */,
			);
			name = icheckregTests;
			productName = icheckregTests;
			productReference = 05C20B0314537FCE004F3E77 /* icheckregTests.octest */;
			productType = "com.apple.product-type.bundle";
		};
/* End PBXNativeTarget section */

/* Begin PBXProject section */
		05C20AD314537FCE004F3E77 /* Project object */ = {
			isa = PBXProject;
			attributes = {
				LastUpgradeCheck = 0420;
			};
			buildConfigurationList = 05C20AD614537FCE004F3E77 /* Build configuration list for PBXProject "icheckreg" */;
			compatibilityVersion = "Xcode 3.2";
			developmentRegion = English;
			hasScannedForEncodings = 0;
			knownRegions = (
				en,
			);
			mainGroup = 05C20AD114537FCE004F3E77;
			productRefGroup = 05C20ADD14537FCE004F3E77 /* Products */;
			projectDirPath = "";
			projectReferences = (
				{
					ProductGroup = 05965E55145B67B30009BBAD /* Products */;
					ProjectRef = 05965E54145B67B30009BBAD /* fmdb.xcodeproj */;
				},
				{
					ProductGroup = 320D7DCCE32703ACAB9A45E3 /* Products */;
					ProjectRef = 320D7DCCE32703ACAB9A45E0 /* Three20.xcodeproj */;
				},
				{
					ProductGroup = 320A2827FEC940B25BC42C63 /* Products */;
					ProjectRef = 320A2827FEC940B25BC42C60 /* Three20Core.xcodeproj */;
				},
				{
					ProductGroup = 320A5A189C235877202780D3 /* Products */;
					ProjectRef = 320A5A189C235877202780D0 /* Three20Network.xcodeproj */;
				},
				{
					ProductGroup = 320CC833B8AF0ACFD35E6223 /* Products */;
					ProjectRef = 320CC833B8AF0ACFD35E6220 /* Three20Style.xcodeproj */;
				},
				{
					ProductGroup = 320F2C48872C2E2C4DF86203 /* Products */;
					ProjectRef = 320F2C48872C2E2C4DF86200 /* Three20UI.xcodeproj */;
				},
				{
					ProductGroup = 3201088596B4756681693703 /* Products */;
					ProjectRef = 3201088596B4756681693700 /* Three20UICommon.xcodeproj */;
				},
				{
					ProductGroup = 320A737074758E53BA54BE93 /* Products */;
					ProjectRef = 320A737074758E53BA54BE90 /* Three20UINavigator.xcodeproj */;
				},
			);
			projectRoot = "";
			targets = (
				05C20ADB14537FCE004F3E77 /* icheckreg */,
				05C20B0214537FCE004F3E77 /* icheckregTests */,
			);
		};
/* End PBXProject section */

/* Begin PBXReferenceProxy section */
		050B2BDF1462297A009D5C87 /* Three20UnitTests.octest */ = {
			isa = PBXReferenceProxy;
			fileType = wrapper.cfbundle;
			path = Three20UnitTests.octest;
			remoteRef = 050B2BDE1462297A009D5C87 /* PBXContainerItemProxy */;
			sourceTree = BUILT_PRODUCTS_DIR;
		};
		050B2BE21462297A009D5C87 /* CoreUnitTests.octest */ = {
			isa = PBXReferenceProxy;
			fileType = wrapper.cfbundle;
			path = CoreUnitTests.octest;
			remoteRef = 050B2BE11462297A009D5C87 /* PBXContainerItemProxy */;
			sourceTree = BUILT_PRODUCTS_DIR;
		};
		050B2BE71462297A009D5C87 /* libThree20Network-Xcode3.2.5.a */ = {
			isa = PBXReferenceProxy;
			fileType = archive.ar;
			path = "libThree20Network-Xcode3.2.5.a";
			remoteRef = 050B2BE61462297A009D5C87 /* PBXContainerItemProxy */;
			sourceTree = BUILT_PRODUCTS_DIR;
		};
		050B2BE91462297A009D5C87 /* NetworkUnitTests.octest */ = {
			isa = PBXReferenceProxy;
			fileType = wrapper.cfbundle;
			path = NetworkUnitTests.octest;
			remoteRef = 050B2BE81462297A009D5C87 /* PBXContainerItemProxy */;
			sourceTree = BUILT_PRODUCTS_DIR;
		};
		050B2BEB1462297A009D5C87 /* NetworkUnitTests-Xcode3.2.5.octest */ = {
			isa = PBXReferenceProxy;
			fileType = wrapper.cfbundle;
			path = "NetworkUnitTests-Xcode3.2.5.octest";
			remoteRef = 050B2BEA1462297A009D5C87 /* PBXContainerItemProxy */;
			sourceTree = BUILT_PRODUCTS_DIR;
		};
		050B2BEE1462297A009D5C87 /* StyleUnitTests.octest */ = {
			isa = PBXReferenceProxy;
			fileType = wrapper.cfbundle;
			path = StyleUnitTests.octest;
			remoteRef = 050B2BED1462297A009D5C87 /* PBXContainerItemProxy */;
			sourceTree = BUILT_PRODUCTS_DIR;
		};
		050B2BF11462297A009D5C87 /* UIUnitTests.octest */ = {
			isa = PBXReferenceProxy;
			fileType = wrapper.cfbundle;
			path = UIUnitTests.octest;
			remoteRef = 050B2BF01462297A009D5C87 /* PBXContainerItemProxy */;
			sourceTree = BUILT_PRODUCTS_DIR;
		};
		050B2BF41462297A009D5C87 /* UICommonUnitTests.octest */ = {
			isa = PBXReferenceProxy;
			fileType = wrapper.cfbundle;
			path = UICommonUnitTests.octest;
			remoteRef = 050B2BF31462297A009D5C87 /* PBXContainerItemProxy */;
			sourceTree = BUILT_PRODUCTS_DIR;
		};
		050B2BF71462297A009D5C87 /* UINavigatorUnitTests.octest */ = {
			isa = PBXReferenceProxy;
			fileType = wrapper.cfbundle;
			path = UINavigatorUnitTests.octest;
			remoteRef = 050B2BF61462297A009D5C87 /* PBXContainerItemProxy */;
			sourceTree = BUILT_PRODUCTS_DIR;
		};
		05965E73145B67B40009BBAD /* fmdb */ = {
			isa = PBXReferenceProxy;
			fileType = "compiled.mach-o.executable";
			path = fmdb;
			remoteRef = 05965E72145B67B40009BBAD /* PBXContainerItemProxy */;
			sourceTree = BUILT_PRODUCTS_DIR;
		};
		05965E75145B67B40009BBAD /* libFMDB.a */ = {
			isa = PBXReferenceProxy;
			fileType = archive.ar;
			path = libFMDB.a;
			remoteRef = 05965E74145B67B40009BBAD /* PBXContainerItemProxy */;
			sourceTree = BUILT_PRODUCTS_DIR;
		};
		3201088596B4756681693704 /* libThree20UICommon.a */ = {
			isa = PBXReferenceProxy;
			fileType = archive.ar;
			path = libThree20UICommon.a;
			remoteRef = 3201088596B4756681693706 /* PBXContainerItemProxy */;
			sourceTree = BUILT_PRODUCTS_DIR;
		};
		320A2827FEC940B25BC42C64 /* libThree20Core.a */ = {
			isa = PBXReferenceProxy;
			fileType = archive.ar;
			path = libThree20Core.a;
			remoteRef = 320A2827FEC940B25BC42C66 /* PBXContainerItemProxy */;
			sourceTree = BUILT_PRODUCTS_DIR;
		};
		320A5A189C235877202780D4 /* libThree20Network.a */ = {
			isa = PBXReferenceProxy;
			fileType = archive.ar;
			path = libThree20Network.a;
			remoteRef = 320A5A189C235877202780D6 /* PBXContainerItemProxy */;
			sourceTree = BUILT_PRODUCTS_DIR;
		};
		320A737074758E53BA54BE94 /* libThree20UINavigator.a */ = {
			isa = PBXReferenceProxy;
			fileType = archive.ar;
			path = libThree20UINavigator.a;
			remoteRef = 320A737074758E53BA54BE96 /* PBXContainerItemProxy */;
			sourceTree = BUILT_PRODUCTS_DIR;
		};
		320CC833B8AF0ACFD35E6224 /* libThree20Style.a */ = {
			isa = PBXReferenceProxy;
			fileType = archive.ar;
			path = libThree20Style.a;
			remoteRef = 320CC833B8AF0ACFD35E6226 /* PBXContainerItemProxy */;
			sourceTree = BUILT_PRODUCTS_DIR;
		};
		320D7DCCE32703ACAB9A45E4 /* libThree20.a */ = {
			isa = PBXReferenceProxy;
			fileType = archive.ar;
			path = libThree20.a;
			remoteRef = 320D7DCCE32703ACAB9A45E6 /* PBXContainerItemProxy */;
			sourceTree = BUILT_PRODUCTS_DIR;
		};
		320F2C48872C2E2C4DF86204 /* libThree20UI.a */ = {
			isa = PBXReferenceProxy;
			fileType = archive.ar;
			path = libThree20UI.a;
			remoteRef = 320F2C48872C2E2C4DF86206 /* PBXContainerItemProxy */;
			sourceTree = BUILT_PRODUCTS_DIR;
		};
/* End PBXReferenceProxy section */

/* Begin PBXResourcesBuildPhase section */
		05C20ADA14537FCE004F3E77 /* Resources */ = {
			isa = PBXResourcesBuildPhase;
			buildActionMask = 2147483647;
			files = (
				320B6C86F11D9990244A9731 /* Three20.bundle in Resources */,
				05C20AEB14537FCE004F3E77 /* InfoPlist.strings in Resources */,
				05C20AF414537FCE004F3E77 /* MainStoryboard_iPhone.storyboard in Resources */,
				05C20AF714537FCE004F3E77 /* MainStoryboard_iPad.storyboard in Resources */,
				05965E66145B67B40009BBAD /* .gitignore in Resources */,
				05965E68145B67B40009BBAD /* CONTRIBUTORS.txt in Resources */,
				05965E6A145B67B40009BBAD /* LICENSE.txt in Resources */,
				05965E6B145B67B40009BBAD /* README.markdown in Resources */,
			);
			runOnlyForDeploymentPostprocessing = 0;
		};
		05C20B0014537FCE004F3E77 /* Resources */ = {
			isa = PBXResourcesBuildPhase;
			buildActionMask = 2147483647;
			files = (
				05C20B0F14537FCF004F3E77 /* InfoPlist.strings in Resources */,
			);
			runOnlyForDeploymentPostprocessing = 0;
		};
/* End PBXResourcesBuildPhase section */

/* Begin PBXShellScriptBuildPhase section */
		05C20B0114537FCE004F3E77 /* ShellScript */ = {
			isa = PBXShellScriptBuildPhase;
			buildActionMask = 2147483647;
			files = (
			);
			inputPaths = (
			);
			outputPaths = (
			);
			runOnlyForDeploymentPostprocessing = 0;
			shellPath = /bin/sh;
			shellScript = "# Run the unit tests in this test bundle.\n\"${SYSTEM_DEVELOPER_DIR}/Tools/RunUnitTests\"\n";
		};
/* End PBXShellScriptBuildPhase section */

/* Begin PBXSourcesBuildPhase section */
		05C20AD814537FCE004F3E77 /* Sources */ = {
			isa = PBXSourcesBuildPhase;
			buildActionMask = 2147483647;
			files = (
				05C20AED14537FCE004F3E77 /* main.m in Sources */,
				05C20AF114537FCE004F3E77 /* icheckregAppDelegate.m in Sources */,
				05C20AFA14537FCE004F3E77 /* icheckregMasterViewController.m in Sources */,
				05C20B1D14538975004F3E77 /* ExpensesViewController.m in Sources */,
				05C20B25145484D3004F3E77 /* AddExpenseViewController.m in Sources */,
				05E43F1514564F1500C17EA7 /* checkreg.xcdatamodeld in Sources */,
				05965E6C145B67B40009BBAD /* FMDatabase.m in Sources */,
				05965E6D145B67B40009BBAD /* FMDatabaseAdditions.m in Sources */,
				05965E6F145B67B40009BBAD /* FMResultSet.m in Sources */,
				5E43F1614564F1500C17EA9 /* Expense.m in Sources */,
			);
			runOnlyForDeploymentPostprocessing = 0;
		};
		05C20AFE14537FCE004F3E77 /* Sources */ = {
			isa = PBXSourcesBuildPhase;
			buildActionMask = 2147483647;
			files = (
				05C20B1214537FCF004F3E77 /* icheckregTests.m in Sources */,
				05E43F1614564F1500C17EA7 /* checkreg.xcdatamodeld in Sources */,
			);
			runOnlyForDeploymentPostprocessing = 0;
		};
/* End PBXSourcesBuildPhase section */

/* Begin PBXTargetDependency section */
		05C20B0914537FCF004F3E77 /* PBXTargetDependency */ = {
			isa = PBXTargetDependency;
			target = 05C20ADB14537FCE004F3E77 /* icheckreg */;
			targetProxy = 05C20B0814537FCF004F3E77 /* PBXContainerItemProxy */;
		};
		3201088596B4756681693701 /* PBXTargetDependency */ = {
			isa = PBXTargetDependency;
			name = Three20UICommon;
			targetProxy = 3201088596B4756681693702 /* PBXContainerItemProxy */;
		};
		320A2827FEC940B25BC42C61 /* PBXTargetDependency */ = {
			isa = PBXTargetDependency;
			name = Three20Core;
			targetProxy = 320A2827FEC940B25BC42C62 /* PBXContainerItemProxy */;
		};
		320A5A189C235877202780D1 /* PBXTargetDependency */ = {
			isa = PBXTargetDependency;
			name = Three20Network;
			targetProxy = 320A5A189C235877202780D2 /* PBXContainerItemProxy */;
		};
		320A737074758E53BA54BE91 /* PBXTargetDependency */ = {
			isa = PBXTargetDependency;
			name = Three20UINavigator;
			targetProxy = 320A737074758E53BA54BE92 /* PBXContainerItemProxy */;
		};
		320CC833B8AF0ACFD35E6221 /* PBXTargetDependency */ = {
			isa = PBXTargetDependency;
			name = Three20Style;
			targetProxy = 320CC833B8AF0ACFD35E6222 /* PBXContainerItemProxy */;
		};
		320D7DCCE32703ACAB9A45E1 /* PBXTargetDependency */ = {
			isa = PBXTargetDependency;
			name = Three20;
			targetProxy = 320D7DCCE32703ACAB9A45E2 /* PBXContainerItemProxy */;
		};
		320F2C48872C2E2C4DF86201 /* PBXTargetDependency */ = {
			isa = PBXTargetDependency;
			name = Three20UI;
			targetProxy = 320F2C48872C2E2C4DF86202 /* PBXContainerItemProxy */;
		};
/* End PBXTargetDependency section */

/* Begin PBXVariantGroup section */
		05C20AE914537FCE004F3E77 /* InfoPlist.strings */ = {
			isa = PBXVariantGroup;
			children = (
				05C20AEA14537FCE004F3E77 /* en */,
			);
			name = InfoPlist.strings;
			sourceTree = "<group>";
		};
		05C20AF214537FCE004F3E77 /* MainStoryboard_iPhone.storyboard */ = {
			isa = PBXVariantGroup;
			children = (
				05C20AF314537FCE004F3E77 /* en */,
			);
			name = MainStoryboard_iPhone.storyboard;
			sourceTree = "<group>";
		};
		05C20AF514537FCE004F3E77 /* MainStoryboard_iPad.storyboard */ = {
			isa = PBXVariantGroup;
			children = (
				05C20AF614537FCE004F3E77 /* en */,
			);
			name = MainStoryboard_iPad.storyboard;
			sourceTree = "<group>";
		};
		05C20B0D14537FCF004F3E77 /* InfoPlist.strings */ = {
			isa = PBXVariantGroup;
			children = (
				05C20B0E14537FCF004F3E77 /* en */,
			);
			name = InfoPlist.strings;
			sourceTree = "<group>";
		};
/* End PBXVariantGroup section */

/* Begin XCBuildConfiguration section */
		05C20B1314537FCF004F3E77 /* Debug */ = {
			isa = XCBuildConfiguration;
			buildSettings = {
				ALWAYS_SEARCH_USER_PATHS = NO;
				ARCHS = "$(ARCHS_STANDARD_32_BIT)";
				CLANG_ENABLE_OBJC_ARC = YES;
				"CODE_SIGN_IDENTITY[sdk=iphoneos*]" = "iPhone Developer";
				COPY_PHASE_STRIP = NO;
				GCC_C_LANGUAGE_STANDARD = gnu99;
				GCC_DYNAMIC_NO_PIC = NO;
				GCC_OPTIMIZATION_LEVEL = 0;
				GCC_PREPROCESSOR_DEFINITIONS = (
					"DEBUG=1",
					"$(inherited)",
				);
				GCC_SYMBOLS_PRIVATE_EXTERN = NO;
				GCC_VERSION = com.apple.compilers.llvm.clang.1_0;
				GCC_WARN_ABOUT_MISSING_PROTOTYPES = YES;
				GCC_WARN_ABOUT_RETURN_TYPE = YES;
				GCC_WARN_UNUSED_VARIABLE = YES;
				HEADER_SEARCH_PATHS = (
					"$(BUILT_PRODUCTS_DIR)/../three20",
					"$(BUILT_PRODUCTS_DIR)/../../three20",
					three20/Build/Products/three20,
				);
				IPHONEOS_DEPLOYMENT_TARGET = 5.0;
				OTHER_LDFLAGS = "-ObjC";
				SDKROOT = iphoneos;
				TARGETED_DEVICE_FAMILY = "1,2";
			};
			name = Debug;
		};
		05C20B1414537FCF004F3E77 /* Release */ = {
			isa = XCBuildConfiguration;
			buildSettings = {
				ALWAYS_SEARCH_USER_PATHS = NO;
				ARCHS = "$(ARCHS_STANDARD_32_BIT)";
				CLANG_ENABLE_OBJC_ARC = YES;
				"CODE_SIGN_IDENTITY[sdk=iphoneos*]" = "iPhone Developer";
				COPY_PHASE_STRIP = YES;
				GCC_C_LANGUAGE_STANDARD = gnu99;
				GCC_VERSION = com.apple.compilers.llvm.clang.1_0;
				GCC_WARN_ABOUT_MISSING_PROTOTYPES = YES;
				GCC_WARN_ABOUT_RETURN_TYPE = YES;
				GCC_WARN_UNUSED_VARIABLE = YES;
				HEADER_SEARCH_PATHS = (
					"$(BUILT_PRODUCTS_DIR)/../three20",
					"$(BUILT_PRODUCTS_DIR)/../../three20",
					three20/Build/Products/three20,
				);
				IPHONEOS_DEPLOYMENT_TARGET = 5.0;
				OTHER_CFLAGS = "-DNS_BLOCK_ASSERTIONS=1";
				OTHER_LDFLAGS = "-ObjC";
				SDKROOT = iphoneos;
				TARGETED_DEVICE_FAMILY = "1,2";
				VALIDATE_PRODUCT = YES;
			};
			name = Release;
		};
		05C20B1614537FCF004F3E77 /* Debug */ = {
			isa = XCBuildConfiguration;
			buildSettings = {
				GCC_PRECOMPILE_PREFIX_HEADER = YES;
				GCC_PREFIX_HEADER = "icheckreg/icheckreg-Prefix.pch";
				INFOPLIST_FILE = "icheckreg/icheckreg-Info.plist";
				PRODUCT_NAME = "$(TARGET_NAME)";
				USER_HEADER_SEARCH_PATHS = "\"${PROJECT_DIR}/fmdb/**";
				WRAPPER_EXTENSION = app;
			};
			name = Debug;
		};
		05C20B1714537FCF004F3E77 /* Release */ = {
			isa = XCBuildConfiguration;
			buildSettings = {
				GCC_PRECOMPILE_PREFIX_HEADER = YES;
				GCC_PREFIX_HEADER = "icheckreg/icheckreg-Prefix.pch";
				INFOPLIST_FILE = "icheckreg/icheckreg-Info.plist";
				PRODUCT_NAME = "$(TARGET_NAME)";
				WRAPPER_EXTENSION = app;
			};
			name = Release;
		};
		05C20B1914537FCF004F3E77 /* Debug */ = {
			isa = XCBuildConfiguration;
			buildSettings = {
				BUNDLE_LOADER = "$(BUILT_PRODUCTS_DIR)/icheckreg.app/icheckreg";
				FRAMEWORK_SEARCH_PATHS = (
					"$(SDKROOT)/Developer/Library/Frameworks",
					"$(DEVELOPER_LIBRARY_DIR)/Frameworks",
				);
				GCC_PRECOMPILE_PREFIX_HEADER = YES;
				GCC_PREFIX_HEADER = "icheckreg/icheckreg-Prefix.pch";
				INFOPLIST_FILE = "icheckregTests/icheckregTests-Info.plist";
				PRODUCT_NAME = "$(TARGET_NAME)";
				TEST_HOST = "$(BUNDLE_LOADER)";
				WRAPPER_EXTENSION = octest;
			};
			name = Debug;
		};
		05C20B1A14537FCF004F3E77 /* Release */ = {
			isa = XCBuildConfiguration;
			buildSettings = {
				BUNDLE_LOADER = "$(BUILT_PRODUCTS_DIR)/icheckreg.app/icheckreg";
				FRAMEWORK_SEARCH_PATHS = (
					"$(SDKROOT)/Developer/Library/Frameworks",
					"$(DEVELOPER_LIBRARY_DIR)/Frameworks",
				);
				GCC_PRECOMPILE_PREFIX_HEADER = YES;
				GCC_PREFIX_HEADER = "icheckreg/icheckreg-Prefix.pch";
				INFOPLIST_FILE = "icheckregTests/icheckregTests-Info.plist";
				PRODUCT_NAME = "$(TARGET_NAME)";
				TEST_HOST = "$(BUNDLE_LOADER)";
				WRAPPER_EXTENSION = octest;
			};
			name = Release;
		};
/* End XCBuildConfiguration section */

/* Begin XCConfigurationList section */
		05C20AD614537FCE004F3E77 /* Build configuration list for PBXProject "icheckreg" */ = {
			isa = XCConfigurationList;
			buildConfigurations = (
				05C20B1314537FCF004F3E77 /* Debug */,
				05C20B1414537FCF004F3E77 /* Release */,
			);
			defaultConfigurationIsVisible = 0;
			defaultConfigurationName = Release;
		};
		05C20B1514537FCF004F3E77 /* Build configuration list for PBXNativeTarget "icheckreg" */ = {
			isa = XCConfigurationList;
			buildConfigurations = (
				05C20B1614537FCF004F3E77 /* Debug */,
				05C20B1714537FCF004F3E77 /* Release */,
			);
			defaultConfigurationIsVisible = 0;
			defaultConfigurationName = Release;
		};
		05C20B1814537FCF004F3E77 /* Build configuration list for PBXNativeTarget "icheckregTests" */ = {
			isa = XCConfigurationList;
			buildConfigurations = (
				05C20B1914537FCF004F3E77 /* Debug */,
				05C20B1A14537FCF004F3E77 /* Release */,
			);
			defaultConfigurationIsVisible = 0;
			defaultConfigurationName = Release;
		};
/* End XCConfigurationList section */

/* Begin XCVersionGroup section */
		05E43F1314564F1500C17EA7 /* checkreg.xcdatamodeld */ = {
			isa = XCVersionGroup;
			children = (
				05E43F1414564F1500C17EA7 /* checkreg.xcdatamodel */,
			);
			currentVersion = 05E43F1414564F1500C17EA7 /* checkreg.xcdatamodel */;
			path = checkreg.xcdatamodeld;
			sourceTree = "<group>";
			versionGroupType = wrapper.xcdatamodel;
		};
/* End XCVersionGroup section */
	};
	rootObject = 05C20AD314537FCE004F3E77 /* Project object */;
}
