// !$*UTF8*$!
{
	archiveVersion = 1;
	classes = {
	};
	objectVersion = 46;
	objects = {

/* Begin PBXBuildFile section */
		05C20AE114537FCE004F3E77 /* UIKit.framework in Frameworks */ = {isa = PBXBuildFile; fileRef = 05C20AE014537FCE004F3E77 /* UIKit.framework */; };
		05C20AE314537FCE004F3E77 /* Foundation.framework in Frameworks */ = {isa = PBXBuildFile; fileRef = 05C20AE214537FCE004F3E77 /* Foundation.framework */; };
		05C20AE514537FCE004F3E77 /* CoreGraphics.framework in Frameworks */ = {isa = PBXBuildFile; fileRef = 05C20AE414537FCE004F3E77 /* CoreGraphics.framework */; };
		05C20AEB14537FCE004F3E77 /* InfoPlist.strings in Resources */ = {isa = PBXBuildFile; fileRef = 05C20AE914537FCE004F3E77 /* InfoPlist.strings */; };
		05C20AED14537FCE004F3E77 /* main.m in Sources */ = {isa = PBXBuildFile; fileRef = 05C20AEC14537FCE004F3E77 /* main.m */; };
		05C20AF114537FCE004F3E77 /* icheckregAppDelegate.m in Sources */ = {isa = PBXBuildFile; fileRef = 05C20AF014537FCE004F3E77 /* icheckregAppDelegate.m */; };
		05C20AF414537FCE004F3E77 /* MainStoryboard_iPhone.storyboard in Resources */ = {isa = PBXBuildFile; fileRef = 05C20AF214537FCE004F3E77 /* MainStoryboard_iPhone.storyboard */; };
		05C20AF714537FCE004F3E77 /* MainStoryboard_iPad.storyboard in Resources */ = {isa = PBXBuildFile; fileRef = 05C20AF514537FCE004F3E77 /* MainStoryboard_iPad.storyboard */; };
		05C20AFA14537FCE004F3E77 /* icheckregMasterViewController.m in Sources */ = {isa = PBXBuildFile; fileRef = 05C20AF914537FCE004F3E77 /* icheckregMasterViewController.m */; };
		05C20B0514537FCF004F3E77 /* SenTestingKit.framework in Frameworks */ = {isa = PBXBuildFile; fileRef = 05C20B0414537FCF004F3E77 /* SenTestingKit.framework */; };
		05C20B0614537FCF004F3E77 /* UIKit.framework in Frameworks */ = {isa = PBXBuildFile; fileRef = 05C20AE014537FCE004F3E77 /* UIKit.framework */; };
		05C20B0714537FCF004F3E77 /* Foundation.framework in Frameworks */ = {isa = PBXBuildFile; fileRef = 05C20AE214537FCE004F3E77 /* Foundation.framework */; };
		05C20B0F14537FCF004F3E77 /* InfoPlist.strings in Resources */ = {isa = PBXBuildFile; fileRef = 05C20B0D14537FCF004F3E77 /* InfoPlist.strings */; };
		05C20B1214537FCF004F3E77 /* icheckregTests.m in Sources */ = {isa = PBXBuildFile; fileRef = 05C20B1114537FCF004F3E77 /* icheckregTests.m */; };
		05C20B1D14538975004F3E77 /* ExpensesViewController.m in Sources */ = {isa = PBXBuildFile; fileRef = 05C20B1C14538975004F3E77 /* ExpensesViewController.m */; };
		05C20B25145484D3004F3E77 /* AddExpenseViewController.m in Sources */ = {isa = PBXBuildFile; fileRef = 05C20B24145484D3004F3E77 /* AddExpenseViewController.m */; };
		05DD18F81457B9B800CAFC9D /* libsqlite3.dylib in Frameworks */ = {isa = PBXBuildFile; fileRef = 05DD18F71457B9B800CAFC9D /* libsqlite3.dylib */; };
		05E43F1514564F1500C17EA7 /* checkreg.xcdatamodeld in Sources */ = {isa = PBXBuildFile; fileRef = 05E43F1314564F1500C17EA7 /* checkreg.xcdatamodeld */; };
		05E43F1614564F1500C17EA7 /* checkreg.xcdatamodeld in Sources */ = {isa = PBXBuildFile; fileRef = 05E43F1314564F1500C17EA7 /* checkreg.xcdatamodeld */; };
		320AF8492C47A4D819F7C451 /* QuartzCore.framework in Frameworks */ = {isa = PBXBuildFile; fileRef = 320AF8492C47A4D819F7C450 /* QuartzCore.framework */; };
		5E43F1614564F1500C17EA9 /* Expense.m in Sources */ = {isa = PBXBuildFile; fileRef = 5E43F1614564F1500C17EA8 /* Expense.m */; };
		5E43F1614564F1500C17EB3 /* CheckregDatabase.m in Sources */ = {isa = PBXBuildFile; fileRef = 5E43F1614564F1500C17EB2 /* CheckregDatabase.m */; };
		5E43F1614564F1500C17EB6 /* Total.m in Sources */ = {isa = PBXBuildFile; fileRef = 5E43F1614564F1500C17EB5 /* Total.m */; };
		5E43F1614564F1500C17EB9 /* ActiveRecord.m in Sources */ = {isa = PBXBuildFile; fileRef = 5E43F1614564F1500C17EB8 /* ActiveRecord.m */; };
		5E43F1614564F1500C17EBE /* FMDatabase.m in Sources */ = {isa = PBXBuildFile; fileRef = 5E43F1614564F1500C17EBD /* FMDatabase.m */; };
		5E43F1614564F1500C17EC4 /* FMResultSet.m in Sources */ = {isa = PBXBuildFile; fileRef = 5E43F1614564F1500C17EC3 /* FMResultSet.m */; };
/* End PBXBuildFile section */

/* Begin PBXContainerItemProxy section */
		05965E72145B67B40009BBAD /* PBXContainerItemProxy */ = {
			isa = PBXContainerItemProxy;
			proxyType = 2;
			remoteGlobalIDString = 8DD76FA10486AA7600D96B5E;
			remoteInfo = fmdb;
		};
		05965E74145B67B40009BBAD /* PBXContainerItemProxy */ = {
			isa = PBXContainerItemProxy;
			proxyType = 2;
			remoteGlobalIDString = EE4290EF12B42F870088BD94;
			remoteInfo = FMDB;
		};
		05C20B0814537FCF004F3E77 /* PBXContainerItemProxy */ = {
			isa = PBXContainerItemProxy;
			containerPortal = 05C20AD314537FCE004F3E77 /* Project object */;
			proxyType = 1;
			remoteGlobalIDString = 05C20ADB14537FCE004F3E77;
			remoteInfo = icheckreg;
		};
/* End PBXContainerItemProxy section */

/* Begin PBXFileReference section */
		05C20ADC14537FCE004F3E77 /* icheckreg.app */ = {isa = PBXFileReference; explicitFileType = wrapper.application; includeInIndex = 0; path = icheckreg.app; sourceTree = BUILT_PRODUCTS_DIR; };
		05C20AE014537FCE004F3E77 /* UIKit.framework */ = {isa = PBXFileReference; lastKnownFileType = wrapper.framework; name = UIKit.framework; path = System/Library/Frameworks/UIKit.framework; sourceTree = SDKROOT; };
		05C20AE214537FCE004F3E77 /* Foundation.framework */ = {isa = PBXFileReference; lastKnownFileType = wrapper.framework; name = Foundation.framework; path = System/Library/Frameworks/Foundation.framework; sourceTree = SDKROOT; };
		05C20AE414537FCE004F3E77 /* CoreGraphics.framework */ = {isa = PBXFileReference; lastKnownFileType = wrapper.framework; name = CoreGraphics.framework; path = System/Library/Frameworks/CoreGraphics.framework; sourceTree = SDKROOT; };
		05C20AE814537FCE004F3E77 /* icheckreg-Info.plist */ = {isa = PBXFileReference; lastKnownFileType = text.plist.xml; path = "icheckreg-Info.plist"; sourceTree = "<group>"; };
		05C20AEA14537FCE004F3E77 /* en */ = {isa = PBXFileReference; lastKnownFileType = text.plist.strings; name = en; path = en.lproj/InfoPlist.strings; sourceTree = "<group>"; };
		05C20AEC14537FCE004F3E77 /* main.m */ = {isa = PBXFileReference; lastKnownFileType = sourcecode.c.objc; path = main.m; sourceTree = "<group>"; };
		05C20AEE14537FCE004F3E77 /* icheckreg-Prefix.pch */ = {isa = PBXFileReference; lastKnownFileType = sourcecode.c.h; path = "icheckreg-Prefix.pch"; sourceTree = "<group>"; };
		05C20AEF14537FCE004F3E77 /* icheckregAppDelegate.h */ = {isa = PBXFileReference; lastKnownFileType = sourcecode.c.h; path = icheckregAppDelegate.h; sourceTree = "<group>"; };
		05C20AF014537FCE004F3E77 /* icheckregAppDelegate.m */ = {isa = PBXFileReference; lastKnownFileType = sourcecode.c.objc; path = icheckregAppDelegate.m; sourceTree = "<group>"; };
		05C20AF314537FCE004F3E77 /* en */ = {isa = PBXFileReference; lastKnownFileType = file.storyboard; name = en; path = en.lproj/MainStoryboard_iPhone.storyboard; sourceTree = "<group>"; };
		05C20AF614537FCE004F3E77 /* en */ = {isa = PBXFileReference; lastKnownFileType = file.storyboard; name = en; path = en.lproj/MainStoryboard_iPad.storyboard; sourceTree = "<group>"; };
		05C20AF814537FCE004F3E77 /* icheckregMasterViewController.h */ = {isa = PBXFileReference; lastKnownFileType = sourcecode.c.h; path = icheckregMasterViewController.h; sourceTree = "<group>"; };
		05C20AF914537FCE004F3E77 /* icheckregMasterViewController.m */ = {isa = PBXFileReference; lastKnownFileType = sourcecode.c.objc; path = icheckregMasterViewController.m; sourceTree = "<group>"; };
		05C20B0314537FCE004F3E77 /* icheckregTests.octest */ = {isa = PBXFileReference; explicitFileType = wrapper.cfbundle; includeInIndex = 0; path = icheckregTests.octest; sourceTree = BUILT_PRODUCTS_DIR; };
		05C20B0414537FCF004F3E77 /* SenTestingKit.framework */ = {isa = PBXFileReference; lastKnownFileType = wrapper.framework; name = SenTestingKit.framework; path = Library/Frameworks/SenTestingKit.framework; sourceTree = DEVELOPER_DIR; };
		05C20B0C14537FCF004F3E77 /* icheckregTests-Info.plist */ = {isa = PBXFileReference; lastKnownFileType = text.plist.xml; path = "icheckregTests-Info.plist"; sourceTree = "<group>"; };
		05C20B0E14537FCF004F3E77 /* en */ = {isa = PBXFileReference; lastKnownFileType = text.plist.strings; name = en; path = en.lproj/InfoPlist.strings; sourceTree = "<group>"; };
		05C20B1014537FCF004F3E77 /* icheckregTests.h */ = {isa = PBXFileReference; lastKnownFileType = sourcecode.c.h; path = icheckregTests.h; sourceTree = "<group>"; };
		05C20B1114537FCF004F3E77 /* icheckregTests.m */ = {isa = PBXFileReference; lastKnownFileType = sourcecode.c.objc; path = icheckregTests.m; sourceTree = "<group>"; };
		05C20B1B14538975004F3E77 /* ExpensesViewController.h */ = {isa = PBXFileReference; fileEncoding = 4; lastKnownFileType = sourcecode.c.h; path = ExpensesViewController.h; sourceTree = "<group>"; };
		05C20B1C14538975004F3E77 /* ExpensesViewController.m */ = {isa = PBXFileReference; fileEncoding = 4; lastKnownFileType = sourcecode.c.objc; path = ExpensesViewController.m; sourceTree = "<group>"; };
		05C20B23145484D3004F3E77 /* AddExpenseViewController.h */ = {isa = PBXFileReference; fileEncoding = 4; lastKnownFileType = sourcecode.c.h; path = AddExpenseViewController.h; sourceTree = "<group>"; };
		05C20B24145484D3004F3E77 /* AddExpenseViewController.m */ = {isa = PBXFileReference; fileEncoding = 4; lastKnownFileType = sourcecode.c.objc; path = AddExpenseViewController.m; sourceTree = "<group>"; };
		05DD18F71457B9B800CAFC9D /* libsqlite3.dylib */ = {isa = PBXFileReference; lastKnownFileType = "compiled.mach-o.dylib"; name = libsqlite3.dylib; path = usr/lib/libsqlite3.dylib; sourceTree = SDKROOT; };
		05E43F1414564F1500C17EA7 /* checkreg.xcdatamodel */ = {isa = PBXFileReference; lastKnownFileType = wrapper.xcdatamodel; path = checkreg.xcdatamodel; sourceTree = "<group>"; };
		320AF8492C47A4D819F7C450 /* QuartzCore.framework */ = {isa = PBXFileReference; lastKnownFileType = wrapper.frameworks; name = QuartzCore.framework; path = System/Library/Frameworks/QuartzCore.framework; sourceTree = SDKROOT; };
		5E43F1614564F1500C17EA8 /* Expense.m */ = {isa = PBXFileReference; fileEncoding = 4; lastKnownFileType = sourcecode.c.objc; path = Expense.m; sourceTree = "<group>"; };
		5E43F1614564F1500C17EAA /* Expense.h */ = {isa = PBXFileReference; fileEncoding = 4; lastKnownFileType = sourcecode.c.h; path = Expense.h; sourceTree = "<group>"; };
		5E43F1614564F1500C17EB2 /* CheckregDatabase.m */ = {isa = PBXFileReference; fileEncoding = 4; lastKnownFileType = sourcecode.c.objc; path = CheckregDatabase.m; sourceTree = "<group>"; };
		5E43F1614564F1500C17EB4 /* CheckregDatabase.h */ = {isa = PBXFileReference; fileEncoding = 4; lastKnownFileType = sourcecode.c.h; path = CheckregDatabase.h; sourceTree = "<group>"; };
		5E43F1614564F1500C17EB5 /* Total.m */ = {isa = PBXFileReference; fileEncoding = 4; lastKnownFileType = sourcecode.c.objc; path = Total.m; sourceTree = "<group>"; };
		5E43F1614564F1500C17EB7 /* Total.h */ = {isa = PBXFileReference; fileEncoding = 4; lastKnownFileType = sourcecode.c.h; path = Total.h; sourceTree = "<group>"; };
		5E43F1614564F1500C17EB8 /* ActiveRecord.m */ = {isa = PBXFileReference; fileEncoding = 4; lastKnownFileType = sourcecode.c.objc; path = ActiveRecord.m; sourceTree = "<group>"; };
		5E43F1614564F1500C17EBA /* ActiveRecord.h */ = {isa = PBXFileReference; fileEncoding = 4; lastKnownFileType = sourcecode.c.h; path = ActiveRecord.h; sourceTree = "<group>"; };
		5E43F1614564F1500C17EBC /* FMDatabase.h */ = {isa = PBXFileReference; fileEncoding = 4; lastKnownFileType = sourcecode.c.h; path = FMDatabase.h; sourceTree = "<group>"; };
		5E43F1614564F1500C17EBD /* FMDatabase.m */ = {isa = PBXFileReference; fileEncoding = 4; lastKnownFileType = sourcecode.c.objc; path = FMDatabase.m; sourceTree = "<group>"; };
		5E43F1614564F1500C17EC2 /* FMResultSet.h */ = {isa = PBXFileReference; fileEncoding = 4; lastKnownFileType = sourcecode.c.h; path = FMResultSet.h; sourceTree = "<group>"; };
		5E43F1614564F1500C17EC3 /* FMResultSet.m */ = {isa = PBXFileReference; fileEncoding = 4; lastKnownFileType = sourcecode.c.objc; path = FMResultSet.m; sourceTree = "<group>"; };
/* End PBXFileReference section */

/* Begin PBXFrameworksBuildPhase section */
		05C20AD914537FCE004F3E77 /* Frameworks */ = {
			isa = PBXFrameworksBuildPhase;
			buildActionMask = 2147483647;
			files = (
				320AF8492C47A4D819F7C451 /* QuartzCore.framework in Frameworks */,
				05DD18F81457B9B800CAFC9D /* libsqlite3.dylib in Frameworks */,
				05C20AE114537FCE004F3E77 /* UIKit.framework in Frameworks */,
				05C20AE314537FCE004F3E77 /* Foundation.framework in Frameworks */,
				05C20AE514537FCE004F3E77 /* CoreGraphics.framework in Frameworks */,
			);
			runOnlyForDeploymentPostprocessing = 0;
		};
		05C20AFF14537FCE004F3E77 /* Frameworks */ = {
			isa = PBXFrameworksBuildPhase;
			buildActionMask = 2147483647;
			files = (
				05C20B0514537FCF004F3E77 /* SenTestingKit.framework in Frameworks */,
				05C20B0614537FCF004F3E77 /* UIKit.framework in Frameworks */,
				05C20B0714537FCF004F3E77 /* Foundation.framework in Frameworks */,
			);
			runOnlyForDeploymentPostprocessing = 0;
		};
/* End PBXFrameworksBuildPhase section */

/* Begin PBXGroup section */
		05965E55145B67B30009BBAD /* Products */ = {
			isa = PBXGroup;
			children = (
				05965E73145B67B40009BBAD /* fmdb */,
				05965E75145B67B40009BBAD /* libFMDB.a */,
			);
			name = Products;
			sourceTree = "<group>";
		};
		05C20AD114537FCE004F3E77 = {
			isa = PBXGroup;
			children = (
				05C20AE614537FCE004F3E77 /* icheckreg */,
				05C20B0A14537FCF004F3E77 /* icheckregTests */,
				05C20ADF14537FCE004F3E77 /* Frameworks */,
				05C20ADD14537FCE004F3E77 /* Products */,
			);
			sourceTree = "<group>";
		};
		05C20ADD14537FCE004F3E77 /* Products */ = {
			isa = PBXGroup;
			children = (
				05C20ADC14537FCE004F3E77 /* icheckreg.app */,
				05C20B0314537FCE004F3E77 /* icheckregTests.octest */,
			);
			name = Products;
			sourceTree = "<group>";
		};
		05C20ADF14537FCE004F3E77 /* Frameworks */ = {
			isa = PBXGroup;
			children = (
				320AF8492C47A4D819F7C450 /* QuartzCore.framework */,
				05DD18F71457B9B800CAFC9D /* libsqlite3.dylib */,
				05C20AE014537FCE004F3E77 /* UIKit.framework */,
				05C20AE214537FCE004F3E77 /* Foundation.framework */,
				05C20AE414537FCE004F3E77 /* CoreGraphics.framework */,
				05C20B0414537FCF004F3E77 /* SenTestingKit.framework */,
			);
			name = Frameworks;
			sourceTree = "<group>";
		};
		05C20AE614537FCE004F3E77 /* icheckreg */ = {
			isa = PBXGroup;
			children = (
				5E43F1614564F1500C17EB7 /* Total.h */,
				5E43F1614564F1500C17EB5 /* Total.m */,
				5E43F1614564F1500C17EB4 /* CheckregDatabase.h */,
				5E43F1614564F1500C17EB2 /* CheckregDatabase.m */,
				5E43F1614564F1500C17EAA /* Expense.h */,
				5E43F1614564F1500C17EA8 /* Expense.m */,
				05C20AEF14537FCE004F3E77 /* icheckregAppDelegate.h */,
				05C20AF014537FCE004F3E77 /* icheckregAppDelegate.m */,
				05C20AF214537FCE004F3E77 /* MainStoryboard_iPhone.storyboard */,
				05C20B1B14538975004F3E77 /* ExpensesViewController.h */,
				05C20B1C14538975004F3E77 /* ExpensesViewController.m */,
				05C20AF514537FCE004F3E77 /* MainStoryboard_iPad.storyboard */,
				05C20AF814537FCE004F3E77 /* icheckregMasterViewController.h */,
				05C20AF914537FCE004F3E77 /* icheckregMasterViewController.m */,
				05C20AE714537FCE004F3E77 /* Supporting Files */,
				05C20B23145484D3004F3E77 /* AddExpenseViewController.h */,
				05C20B24145484D3004F3E77 /* AddExpenseViewController.m */,
				05E43F1314564F1500C17EA7 /* checkreg.xcdatamodeld */,
				5E43F1614564F1500C17EB1 /* ActiveRecord */,
			);
			path = icheckreg;
			sourceTree = "<group>";
		};
		05C20AE714537FCE004F3E77 /* Supporting Files */ = {
			isa = PBXGroup;
			children = (
				05C20AE814537FCE004F3E77 /* icheckreg-Info.plist */,
				05C20AE914537FCE004F3E77 /* InfoPlist.strings */,
				05C20AEC14537FCE004F3E77 /* main.m */,
				05C20AEE14537FCE004F3E77 /* icheckreg-Prefix.pch */,
			);
			name = "Supporting Files";
			sourceTree = "<group>";
		};
		05C20B0A14537FCF004F3E77 /* icheckregTests */ = {
			isa = PBXGroup;
			children = (
				05C20B1014537FCF004F3E77 /* icheckregTests.h */,
				05C20B1114537FCF004F3E77 /* icheckregTests.m */,
				05C20B0B14537FCF004F3E77 /* Supporting Files */,
			);
			path = icheckregTests;
			sourceTree = "<group>";
		};
		05C20B0B14537FCF004F3E77 /* Supporting Files */ = {
			isa = PBXGroup;
			children = (
				05C20B0C14537FCF004F3E77 /* icheckregTests-Info.plist */,
				05C20B0D14537FCF004F3E77 /* InfoPlist.strings */,
			);
			name = "Supporting Files";
			sourceTree = "<group>";
		};
		5E43F1614564F1500C17EB1 /* ActiveRecord */ = {
			isa = PBXGroup;
			children = (
				5E43F1614564F1500C17EBA /* ActiveRecord.h */,
				5E43F1614564F1500C17EB8 /* ActiveRecord.m */,
				5E43F1614564F1500C17EBB /* fmdb */,
			);
			path = ActiveRecord;
			sourceTree = "<group>";
		};
		5E43F1614564F1500C17EBB /* fmdb */ = {
			isa = PBXGroup;
			children = (
				5E43F1614564F1500C17EC3 /* FMResultSet.m */,
				5E43F1614564F1500C17EC2 /* FMResultSet.h */,
				5E43F1614564F1500C17EBD /* FMDatabase.m */,
				5E43F1614564F1500C17EBC /* FMDatabase.h */,
			);
			path = fmdb;
			sourceTree = "<group>";
		};
/* End PBXGroup section */

/* Begin PBXNativeTarget section */
		05C20ADB14537FCE004F3E77 /* icheckreg */ = {
			isa = PBXNativeTarget;
			buildConfigurationList = 05C20B1514537FCF004F3E77 /* Build configuration list for PBXNativeTarget "icheckreg" */;
			buildPhases = (
				05C20AD814537FCE004F3E77 /* Sources */,
				05C20AD914537FCE004F3E77 /* Frameworks */,
				05C20ADA14537FCE004F3E77 /* Resources */,
			);
			buildRules = (
			);
			dependencies = (
			);
			name = icheckreg;
			productName = icheckreg;
			productReference = 05C20ADC14537FCE004F3E77 /* icheckreg.app */;
			productType = "com.apple.product-type.application";
		};
		05C20B0214537FCE004F3E77 /* icheckregTests */ = {
			isa = PBXNativeTarget;
			buildConfigurationList = 05C20B1814537FCF004F3E77 /* Build configuration list for PBXNativeTarget "icheckregTests" */;
			buildPhases = (
				05C20AFE14537FCE004F3E77 /* Sources */,
				05C20AFF14537FCE004F3E77 /* Frameworks */,
				05C20B0014537FCE004F3E77 /* Resources */,
				05C20B0114537FCE004F3E77 /* ShellScript */,
			);
			buildRules = (
			);
			dependencies = (
				05C20B0914537FCF004F3E77 /* PBXTargetDependency */,
			);
			name = icheckregTests;
			productName = icheckregTests;
			productReference = 05C20B0314537FCE004F3E77 /* icheckregTests.octest */;
			productType = "com.apple.product-type.bundle";
		};
/* End PBXNativeTarget section */

/* Begin PBXProject section */
		05C20AD314537FCE004F3E77 /* Project object */ = {
			isa = PBXProject;
			attributes = {
				LastUpgradeCheck = 0420;
			};
			buildConfigurationList = 05C20AD614537FCE004F3E77 /* Build configuration list for PBXProject "icheckreg" */;
			compatibilityVersion = "Xcode 3.2";
			developmentRegion = English;
			hasScannedForEncodings = 0;
			knownRegions = (
				en,
			);
			mainGroup = 05C20AD114537FCE004F3E77;
			productRefGroup = 05C20ADD14537FCE004F3E77 /* Products */;
			projectDirPath = "";
			projectReferences = (
				{
					ProductGroup = 05965E55145B67B30009BBAD /* Products */;
				},
			);
			projectRoot = "";
			targets = (
				05C20ADB14537FCE004F3E77 /* icheckreg */,
				05C20B0214537FCE004F3E77 /* icheckregTests */,
			);
		};
/* End PBXProject section */

/* Begin PBXReferenceProxy section */
		05965E73145B67B40009BBAD /* fmdb */ = {
			isa = PBXReferenceProxy;
			fileType = "compiled.mach-o.executable";
			path = fmdb;
			remoteRef = 05965E72145B67B40009BBAD /* PBXContainerItemProxy */;
			sourceTree = BUILT_PRODUCTS_DIR;
		};
		05965E75145B67B40009BBAD /* libFMDB.a */ = {
			isa = PBXReferenceProxy;
			fileType = archive.ar;
			path = libFMDB.a;
			remoteRef = 05965E74145B67B40009BBAD /* PBXContainerItemProxy */;
			sourceTree = BUILT_PRODUCTS_DIR;
		};
/* End PBXReferenceProxy section */

/* Begin PBXResourcesBuildPhase section */
		05C20ADA14537FCE004F3E77 /* Resources */ = {
			isa = PBXResourcesBuildPhase;
			buildActionMask = 2147483647;
			files = (
				05C20AEB14537FCE004F3E77 /* InfoPlist.strings in Resources */,
				05C20AF414537FCE004F3E77 /* MainStoryboard_iPhone.storyboard in Resources */,
				05C20AF714537FCE004F3E77 /* MainStoryboard_iPad.storyboard in Resources */,
			);
			runOnlyForDeploymentPostprocessing = 0;
		};
		05C20B0014537FCE004F3E77 /* Resources */ = {
			isa = PBXResourcesBuildPhase;
			buildActionMask = 2147483647;
			files = (
				05C20B0F14537FCF004F3E77 /* InfoPlist.strings in Resources */,
			);
			runOnlyForDeploymentPostprocessing = 0;
		};
/* End PBXResourcesBuildPhase section */

/* Begin PBXShellScriptBuildPhase section */
		05C20B0114537FCE004F3E77 /* ShellScript */ = {
			isa = PBXShellScriptBuildPhase;
			buildActionMask = 2147483647;
			files = (
			);
			inputPaths = (
			);
			outputPaths = (
			);
			runOnlyForDeploymentPostprocessing = 0;
			shellPath = /bin/sh;
			shellScript = "# Run the unit tests in this test bundle.\n\"${SYSTEM_DEVELOPER_DIR}/Tools/RunUnitTests\"\n";
		};
/* End PBXShellScriptBuildPhase section */

/* Begin PBXSourcesBuildPhase section */
		05C20AD814537FCE004F3E77 /* Sources */ = {
			isa = PBXSourcesBuildPhase;
			buildActionMask = 2147483647;
			files = (
				05C20AED14537FCE004F3E77 /* main.m in Sources */,
				05C20AF114537FCE004F3E77 /* icheckregAppDelegate.m in Sources */,
				05C20AFA14537FCE004F3E77 /* icheckregMasterViewController.m in Sources */,
				05C20B1D14538975004F3E77 /* ExpensesViewController.m in Sources */,
				05C20B25145484D3004F3E77 /* AddExpenseViewController.m in Sources */,
				05E43F1514564F1500C17EA7 /* checkreg.xcdatamodeld in Sources */,
				5E43F1614564F1500C17EA9 /* Expense.m in Sources */,
				5E43F1614564F1500C17EB3 /* CheckregDatabase.m in Sources */,
				5E43F1614564F1500C17EB6 /* Total.m in Sources */,
				5E43F1614564F1500C17EB9 /* ActiveRecord.m in Sources */,
				5E43F1614564F1500C17EBE /* FMDatabase.m in Sources */,
				5E43F1614564F1500C17EC4 /* FMResultSet.m in Sources */,
			);
			runOnlyForDeploymentPostprocessing = 0;
		};
		05C20AFE14537FCE004F3E77 /* Sources */ = {
			isa = PBXSourcesBuildPhase;
			buildActionMask = 2147483647;
			files = (
				05C20B1214537FCF004F3E77 /* icheckregTests.m in Sources */,
				05E43F1614564F1500C17EA7 /* checkreg.xcdatamodeld in Sources */,
			);
			runOnlyForDeploymentPostprocessing = 0;
		};
/* End PBXSourcesBuildPhase section */

/* Begin PBXTargetDependency section */
		05C20B0914537FCF004F3E77 /* PBXTargetDependency */ = {
			isa = PBXTargetDependency;
			target = 05C20ADB14537FCE004F3E77 /* icheckreg */;
			targetProxy = 05C20B0814537FCF004F3E77 /* PBXContainerItemProxy */;
		};
/* End PBXTargetDependency section */

/* Begin PBXVariantGroup section */
		05C20AE914537FCE004F3E77 /* InfoPlist.strings */ = {
			isa = PBXVariantGroup;
			children = (
				05C20AEA14537FCE004F3E77 /* en */,
			);
			name = InfoPlist.strings;
			sourceTree = "<group>";
		};
		05C20AF214537FCE004F3E77 /* MainStoryboard_iPhone.storyboard */ = {
			isa = PBXVariantGroup;
			children = (
				05C20AF314537FCE004F3E77 /* en */,
			);
			name = MainStoryboard_iPhone.storyboard;
			sourceTree = "<group>";
		};
		05C20AF514537FCE004F3E77 /* MainStoryboard_iPad.storyboard */ = {
			isa = PBXVariantGroup;
			children = (
				05C20AF614537FCE004F3E77 /* en */,
			);
			name = MainStoryboard_iPad.storyboard;
			sourceTree = "<group>";
		};
		05C20B0D14537FCF004F3E77 /* InfoPlist.strings */ = {
			isa = PBXVariantGroup;
			children = (
				05C20B0E14537FCF004F3E77 /* en */,
			);
			name = InfoPlist.strings;
			sourceTree = "<group>";
		};
/* End PBXVariantGroup section */

/* Begin XCBuildConfiguration section */
		05C20B1314537FCF004F3E77 /* Debug */ = {
			isa = XCBuildConfiguration;
			buildSettings = {
				ALWAYS_SEARCH_USER_PATHS = NO;
				ARCHS = "$(ARCHS_STANDARD_32_BIT)";
				CLANG_ENABLE_OBJC_ARC = YES;
				"CODE_SIGN_IDENTITY[sdk=iphoneos*]" = "iPhone Developer";
				COPY_PHASE_STRIP = NO;
				GCC_C_LANGUAGE_STANDARD = gnu99;
				GCC_DYNAMIC_NO_PIC = NO;
				GCC_OPTIMIZATION_LEVEL = 0;
				GCC_PREPROCESSOR_DEFINITIONS = (
					"DEBUG=1",
					"$(inherited)",
				);
				GCC_SYMBOLS_PRIVATE_EXTERN = NO;
				GCC_VERSION = com.apple.compilers.llvm.clang.1_0;
				GCC_WARN_ABOUT_MISSING_PROTOTYPES = YES;
				GCC_WARN_ABOUT_RETURN_TYPE = YES;
				GCC_WARN_UNUSED_VARIABLE = YES;
				HEADER_SEARCH_PATHS = (
					"$(BUILT_PRODUCTS_DIR)/../three20",
					"$(BUILT_PRODUCTS_DIR)/../../three20",
					three20/Build/Products/three20,
				);
				IPHONEOS_DEPLOYMENT_TARGET = 5.0;
				OTHER_LDFLAGS = "-ObjC";
				SDKROOT = iphoneos;
				TARGETED_DEVICE_FAMILY = "1,2";
			};
			name = Debug;
		};
		05C20B1414537FCF004F3E77 /* Release */ = {
			isa = XCBuildConfiguration;
			buildSettings = {
				ALWAYS_SEARCH_USER_PATHS = NO;
				ARCHS = "$(ARCHS_STANDARD_32_BIT)";
				CLANG_ENABLE_OBJC_ARC = YES;
				"CODE_SIGN_IDENTITY[sdk=iphoneos*]" = "iPhone Developer";
				COPY_PHASE_STRIP = YES;
				GCC_C_LANGUAGE_STANDARD = gnu99;
				GCC_VERSION = com.apple.compilers.llvm.clang.1_0;
				GCC_WARN_ABOUT_MISSING_PROTOTYPES = YES;
				GCC_WARN_ABOUT_RETURN_TYPE = YES;
				GCC_WARN_UNUSED_VARIABLE = YES;
				HEADER_SEARCH_PATHS = (
					"$(BUILT_PRODUCTS_DIR)/../three20",
					"$(BUILT_PRODUCTS_DIR)/../../three20",
					three20/Build/Products/three20,
				);
				IPHONEOS_DEPLOYMENT_TARGET = 5.0;
				OTHER_CFLAGS = "-DNS_BLOCK_ASSERTIONS=1";
				OTHER_LDFLAGS = "-ObjC";
				SDKROOT = iphoneos;
				TARGETED_DEVICE_FAMILY = "1,2";
				VALIDATE_PRODUCT = YES;
			};
			name = Release;
		};
		05C20B1614537FCF004F3E77 /* Debug */ = {
			isa = XCBuildConfiguration;
			buildSettings = {
				GCC_PRECOMPILE_PREFIX_HEADER = YES;
				GCC_PREFIX_HEADER = "icheckreg/icheckreg-Prefix.pch";
				INFOPLIST_FILE = "icheckreg/icheckreg-Info.plist";
				PRODUCT_NAME = "$(TARGET_NAME)";
				USER_HEADER_SEARCH_PATHS = "\"${PROJECT_DIR}/fmdb/** \"${PROJECT_DIR}/three20/src/Three20UINavigator/** \"${PROJECT_DIR}/three20/src/Three20UICommon/** \"${PROJECT_DIR}/three20/src/Three20UI/**";
				WRAPPER_EXTENSION = app;
			};
			name = Debug;
		};
		05C20B1714537FCF004F3E77 /* Release */ = {
			isa = XCBuildConfiguration;
			buildSettings = {
				GCC_PRECOMPILE_PREFIX_HEADER = YES;
				GCC_PREFIX_HEADER = "icheckreg/icheckreg-Prefix.pch";
				INFOPLIST_FILE = "icheckreg/icheckreg-Info.plist";
				PRODUCT_NAME = "$(TARGET_NAME)";
				WRAPPER_EXTENSION = app;
			};
			name = Release;
		};
		05C20B1914537FCF004F3E77 /* Debug */ = {
			isa = XCBuildConfiguration;
			buildSettings = {
				BUNDLE_LOADER = "$(BUILT_PRODUCTS_DIR)/icheckreg.app/icheckreg";
				FRAMEWORK_SEARCH_PATHS = (
					"$(SDKROOT)/Developer/Library/Frameworks",
					"$(DEVELOPER_LIBRARY_DIR)/Frameworks",
				);
				GCC_PRECOMPILE_PREFIX_HEADER = YES;
				GCC_PREFIX_HEADER = "icheckreg/icheckreg-Prefix.pch";
				INFOPLIST_FILE = "icheckregTests/icheckregTests-Info.plist";
				PRODUCT_NAME = "$(TARGET_NAME)";
				TEST_HOST = "$(BUNDLE_LOADER)";
				WRAPPER_EXTENSION = octest;
			};
			name = Debug;
		};
		05C20B1A14537FCF004F3E77 /* Release */ = {
			isa = XCBuildConfiguration;
			buildSettings = {
				BUNDLE_LOADER = "$(BUILT_PRODUCTS_DIR)/icheckreg.app/icheckreg";
				FRAMEWORK_SEARCH_PATHS = (
					"$(SDKROOT)/Developer/Library/Frameworks",
					"$(DEVELOPER_LIBRARY_DIR)/Frameworks",
				);
				GCC_PRECOMPILE_PREFIX_HEADER = YES;
				GCC_PREFIX_HEADER = "icheckreg/icheckreg-Prefix.pch";
				INFOPLIST_FILE = "icheckregTests/icheckregTests-Info.plist";
				PRODUCT_NAME = "$(TARGET_NAME)";
				TEST_HOST = "$(BUNDLE_LOADER)";
				WRAPPER_EXTENSION = octest;
			};
			name = Release;
		};
/* End XCBuildConfiguration section */

/* Begin XCConfigurationList section */
		05C20AD614537FCE004F3E77 /* Build configuration list for PBXProject "icheckreg" */ = {
			isa = XCConfigurationList;
			buildConfigurations = (
				05C20B1314537FCF004F3E77 /* Debug */,
				05C20B1414537FCF004F3E77 /* Release */,
			);
			defaultConfigurationIsVisible = 0;
			defaultConfigurationName = Release;
		};
		05C20B1514537FCF004F3E77 /* Build configuration list for PBXNativeTarget "icheckreg" */ = {
			isa = XCConfigurationList;
			buildConfigurations = (
				05C20B1614537FCF004F3E77 /* Debug */,
				05C20B1714537FCF004F3E77 /* Release */,
			);
			defaultConfigurationIsVisible = 0;
			defaultConfigurationName = Release;
		};
		05C20B1814537FCF004F3E77 /* Build configuration list for PBXNativeTarget "icheckregTests" */ = {
			isa = XCConfigurationList;
			buildConfigurations = (
				05C20B1914537FCF004F3E77 /* Debug */,
				05C20B1A14537FCF004F3E77 /* Release */,
			);
			defaultConfigurationIsVisible = 0;
			defaultConfigurationName = Release;
		};
/* End XCConfigurationList section */

/* Begin XCVersionGroup section */
		05E43F1314564F1500C17EA7 /* checkreg.xcdatamodeld */ = {
			isa = XCVersionGroup;
			children = (
				05E43F1414564F1500C17EA7 /* checkreg.xcdatamodel */,
			);
			currentVersion = 05E43F1414564F1500C17EA7 /* checkreg.xcdatamodel */;
			path = checkreg.xcdatamodeld;
			sourceTree = "<group>";
			versionGroupType = wrapper.xcdatamodel;
		};
/* End XCVersionGroup section */
	};
	rootObject = 05C20AD314537FCE004F3E77 /* Project object */;
}
